{
  "version": 4,
  "terraform_version": "1.1.9",
  "serial": 73,
  "lineage": "26e88184-87ff-7d49-6cc5-2453b2da49e4",
  "outputs": {},
  "resources": [
    {
      "mode": "managed",
      "type": "azurerm_linux_virtual_machine",
      "name": "VM-DEV-0",
      "provider": "provider[\"registry.terraform.io/hashicorp/azurerm\"]",
      "instances": [
        {
          "schema_version": 0,
          "attributes": {
            "additional_capabilities": [],
            "admin_password": null,
            "admin_ssh_key": [
              {
                "public_key": "ssh-rsa AAAAB3NzaC1yc2EAAAADAQABAAACAQDmKVtv84gO0u1ZTevT/p6RbBN2tnFLuQGeu0KE1+wcBtMuHfyjjd3XMxq1EIRX/5NX1GeyCSG9251XelbgspBNFD105VC7v3zTW5cEC7V1a8Aid0ZbREl3A1gth3dj29txM2SCp37dldCxKHH98vJ2Ovk67js2QBNMcrHqjLQ7APz6Cd89eSfsdHjY2iebasHO97joJuvKoAMQ4TjgG22ZjoNW/1LCDQLaLn3f5pzrojv+/V2UZn097dCUIMTIO0VqtvRB7LgqP0ekAhTXYH+S8/Nfo0yHTKzw3gX37n91/YqtF5IplY5K9QtKNnsCSaOq0rwR8p0OwRXH+0qOUJ92Xy3rEVlBOGN4qeMb+fDfQwMPDw/y0PuX4y2jQATFAM/ONoiaracApr4zazfaGE3beJDTTFNpvAbcSh0ksGgWSVvcJ5NhXOEbZXdQeScqunW5C8elwEAznAprtYpnfkJqwLKkQNQ1PEaAOOfpnJru2QVyvrjZCrxK6S7W+19Gv4Pu1deIX+H0xC7fYMHpj8yJvzzNIXpYQqwzfpfFHW8ZhDIV5Wmw1qpeeWiHRUiAjX/gur6P8WwkIDni1HKUnl6iwa26TRzLpbQ0q69oqF8QUXo0Rvlx6DgNm59qxetK+9jzeG4Rfx938S9+5vfsQUzpxhdMn1ooNv47S2pwIlTnTQ== jaconaway1@gmail.com\n",
                "username": "jac"
              }
            ],
            "admin_username": "jac",
            "allow_extension_operations": true,
            "availability_set_id": "",
            "boot_diagnostics": [],
            "computer_name": "VM-DEV-0",
            "custom_data": null,
            "dedicated_host_group_id": "",
            "dedicated_host_id": "",
            "disable_password_authentication": true,
            "edge_zone": "",
            "encryption_at_host_enabled": false,
            "eviction_policy": "",
            "extensions_time_budget": "PT1H30M",
            "id": "/subscriptions/88b45aab-4ebb-412f-bc44-8483d3a0cbac/resourceGroups/VNETS-RG/providers/Microsoft.Compute/virtualMachines/VM-DEV-0",
            "identity": [],
            "license_type": "",
            "location": "australiacentral",
            "max_bid_price": -1,
            "name": "VM-DEV-0",
            "network_interface_ids": [
              "/subscriptions/88b45aab-4ebb-412f-bc44-8483d3a0cbac/resourceGroups/VNETS-RG/providers/Microsoft.Network/networkInterfaces/IF-DEV-0"
            ],
            "os_disk": [
              {
                "caching": "ReadWrite",
                "diff_disk_settings": [],
                "disk_encryption_set_id": "",
                "disk_size_gb": 30,
                "name": "VM-DEV-0_OsDisk_1_83ddce1cf5df46cca457bad1b35c9682",
                "storage_account_type": "Standard_LRS",
                "write_accelerator_enabled": false
              }
            ],
            "patch_mode": "ImageDefault",
            "plan": [],
            "platform_fault_domain": -1,
            "priority": "Regular",
            "private_ip_address": "10.2.0.4",
            "private_ip_addresses": [
              "10.2.0.4"
            ],
            "provision_vm_agent": true,
            "proximity_placement_group_id": "",
            "public_ip_address": "20.213.243.66",
            "public_ip_addresses": [
              "20.213.243.66"
            ],
            "resource_group_name": "VNETS-RG",
            "secret": [],
            "secure_boot_enabled": false,
            "size": "Standard_F2",
            "source_image_id": "",
            "source_image_reference": [
              {
                "offer": "UbuntuServer",
                "publisher": "Canonical",
                "sku": "16.04-LTS",
                "version": "latest"
              }
            ],
            "tags": null,
            "termination_notification": null,
            "timeouts": null,
            "user_data": "",
            "virtual_machine_id": "d93bf282-d003-4f43-80e0-fec0f8998daf",
            "virtual_machine_scale_set_id": "",
            "vtpm_enabled": false,
            "zone": ""
          },
          "sensitive_attributes": [],
          "private": "eyJlMmJmYjczMC1lY2FhLTExZTYtOGY4OC0zNDM2M2JjN2M0YzAiOnsiY3JlYXRlIjoyNzAwMDAwMDAwMDAwLCJkZWxldGUiOjI3MDAwMDAwMDAwMDAsInJlYWQiOjMwMDAwMDAwMDAwMCwidXBkYXRlIjoyNzAwMDAwMDAwMDAwfX0=",
          "dependencies": [
            "azurerm_network_interface.IF-DEV-0",
            "azurerm_public_ip.PUBLIC-DEV-0",
            "azurerm_resource_group.rg",
            "azurerm_subnet.SUBNET-DEV-0",
            "azurerm_virtual_network.VNET-DEV"
          ]
        }
      ]
    },
    {
      "mode": "managed",
      "type": "azurerm_linux_virtual_machine",
      "name": "VM-PROD-0",
      "provider": "provider[\"registry.terraform.io/hashicorp/azurerm\"]",
      "instances": [
        {
          "schema_version": 0,
          "attributes": {
            "additional_capabilities": [],
            "admin_password": null,
            "admin_ssh_key": [
              {
                "public_key": "ssh-rsa AAAAB3NzaC1yc2EAAAADAQABAAACAQDmKVtv84gO0u1ZTevT/p6RbBN2tnFLuQGeu0KE1+wcBtMuHfyjjd3XMxq1EIRX/5NX1GeyCSG9251XelbgspBNFD105VC7v3zTW5cEC7V1a8Aid0ZbREl3A1gth3dj29txM2SCp37dldCxKHH98vJ2Ovk67js2QBNMcrHqjLQ7APz6Cd89eSfsdHjY2iebasHO97joJuvKoAMQ4TjgG22ZjoNW/1LCDQLaLn3f5pzrojv+/V2UZn097dCUIMTIO0VqtvRB7LgqP0ekAhTXYH+S8/Nfo0yHTKzw3gX37n91/YqtF5IplY5K9QtKNnsCSaOq0rwR8p0OwRXH+0qOUJ92Xy3rEVlBOGN4qeMb+fDfQwMPDw/y0PuX4y2jQATFAM/ONoiaracApr4zazfaGE3beJDTTFNpvAbcSh0ksGgWSVvcJ5NhXOEbZXdQeScqunW5C8elwEAznAprtYpnfkJqwLKkQNQ1PEaAOOfpnJru2QVyvrjZCrxK6S7W+19Gv4Pu1deIX+H0xC7fYMHpj8yJvzzNIXpYQqwzfpfFHW8ZhDIV5Wmw1qpeeWiHRUiAjX/gur6P8WwkIDni1HKUnl6iwa26TRzLpbQ0q69oqF8QUXo0Rvlx6DgNm59qxetK+9jzeG4Rfx938S9+5vfsQUzpxhdMn1ooNv47S2pwIlTnTQ== jaconaway1@gmail.com\n",
                "username": "jac"
              }
            ],
            "admin_username": "jac",
            "allow_extension_operations": true,
            "availability_set_id": "",
            "boot_diagnostics": [],
            "computer_name": "VM-PROD-0",
            "custom_data": null,
            "dedicated_host_group_id": "",
            "dedicated_host_id": "",
            "disable_password_authentication": true,
            "edge_zone": "",
            "encryption_at_host_enabled": false,
            "eviction_policy": "",
            "extensions_time_budget": "PT1H30M",
            "id": "/subscriptions/88b45aab-4ebb-412f-bc44-8483d3a0cbac/resourceGroups/VNETS-RG/providers/Microsoft.Compute/virtualMachines/VM-PROD-0",
            "identity": [],
            "license_type": "",
            "location": "australiacentral",
            "max_bid_price": -1,
            "name": "VM-PROD-0",
            "network_interface_ids": [
              "/subscriptions/88b45aab-4ebb-412f-bc44-8483d3a0cbac/resourceGroups/VNETS-RG/providers/Microsoft.Network/networkInterfaces/IF-PROD-0"
            ],
            "os_disk": [
              {
                "caching": "ReadWrite",
                "diff_disk_settings": [],
                "disk_encryption_set_id": "",
                "disk_size_gb": 30,
                "name": "VM-PROD-0_OsDisk_1_d0f58b96f25a4f17a1995dcde30ddb76",
                "storage_account_type": "Standard_LRS",
                "write_accelerator_enabled": false
              }
            ],
            "patch_mode": "ImageDefault",
            "plan": [],
            "platform_fault_domain": -1,
            "priority": "Regular",
            "private_ip_address": "10.0.0.4",
            "private_ip_addresses": [
              "10.0.0.4"
            ],
            "provision_vm_agent": true,
            "proximity_placement_group_id": "",
            "public_ip_address": "20.213.243.124",
            "public_ip_addresses": [
              "20.213.243.124"
            ],
            "resource_group_name": "VNETS-RG",
            "secret": [],
            "secure_boot_enabled": false,
            "size": "Standard_F2",
            "source_image_id": "",
            "source_image_reference": [
              {
                "offer": "UbuntuServer",
                "publisher": "Canonical",
                "sku": "16.04-LTS",
                "version": "latest"
              }
            ],
            "tags": null,
            "termination_notification": null,
            "timeouts": null,
            "user_data": "",
            "virtual_machine_id": "421da8da-08c6-40db-ad9b-f62454289b25",
            "virtual_machine_scale_set_id": "",
            "vtpm_enabled": false,
            "zone": ""
          },
          "sensitive_attributes": [],
          "private": "eyJlMmJmYjczMC1lY2FhLTExZTYtOGY4OC0zNDM2M2JjN2M0YzAiOnsiY3JlYXRlIjoyNzAwMDAwMDAwMDAwLCJkZWxldGUiOjI3MDAwMDAwMDAwMDAsInJlYWQiOjMwMDAwMDAwMDAwMCwidXBkYXRlIjoyNzAwMDAwMDAwMDAwfX0=",
          "dependencies": [
            "azurerm_network_interface.IF-PROD-0",
            "azurerm_public_ip.PUBLIC-PROD-0",
            "azurerm_resource_group.rg",
            "azurerm_subnet.SUBNET-PROD-0",
            "azurerm_virtual_network.VNET-PROD"
          ]
        }
      ]
    },
    {
      "mode": "managed",
      "type": "azurerm_network_interface",
      "name": "IF-DEV-0",
      "provider": "provider[\"registry.terraform.io/hashicorp/azurerm\"]",
      "instances": [
        {
          "schema_version": 0,
          "attributes": {
            "applied_dns_servers": [],
            "dns_servers": [],
            "edge_zone": "",
            "enable_accelerated_networking": false,
            "enable_ip_forwarding": false,
            "id": "/subscriptions/88b45aab-4ebb-412f-bc44-8483d3a0cbac/resourceGroups/VNETS-RG/providers/Microsoft.Network/networkInterfaces/IF-DEV-0",
            "internal_dns_name_label": "",
            "internal_domain_name_suffix": "q2dyqeaoazouxlrru0vsmzkene.cbrx.internal.cloudapp.net",
            "ip_configuration": [
              {
                "gateway_load_balancer_frontend_ip_configuration_id": "",
                "name": "IP-DEV-0",
                "primary": true,
                "private_ip_address": "10.2.0.4",
                "private_ip_address_allocation": "Dynamic",
                "private_ip_address_version": "IPv4",
                "public_ip_address_id": "/subscriptions/88b45aab-4ebb-412f-bc44-8483d3a0cbac/resourceGroups/VNETS-RG/providers/Microsoft.Network/publicIPAddresses/PUBLIC-DEV-0",
                "subnet_id": "/subscriptions/88b45aab-4ebb-412f-bc44-8483d3a0cbac/resourceGroups/VNETS-RG/providers/Microsoft.Network/virtualNetworks/VNET-DEV/subnets/SUBNET-DEV-0"
              }
            ],
            "location": "australiacentral",
            "mac_address": "",
            "name": "IF-DEV-0",
            "private_ip_address": "10.2.0.4",
            "private_ip_addresses": [
              "10.2.0.4"
            ],
            "resource_group_name": "VNETS-RG",
            "tags": null,
            "timeouts": null,
            "virtual_machine_id": ""
          },
          "sensitive_attributes": [],
          "private": "eyJlMmJmYjczMC1lY2FhLTExZTYtOGY4OC0zNDM2M2JjN2M0YzAiOnsiY3JlYXRlIjoxODAwMDAwMDAwMDAwLCJkZWxldGUiOjE4MDAwMDAwMDAwMDAsInJlYWQiOjMwMDAwMDAwMDAwMCwidXBkYXRlIjoxODAwMDAwMDAwMDAwfX0=",
          "dependencies": [
            "azurerm_public_ip.PUBLIC-DEV-0",
            "azurerm_resource_group.rg",
            "azurerm_subnet.SUBNET-DEV-0",
            "azurerm_virtual_network.VNET-DEV"
          ]
        }
      ]
    },
    {
      "mode": "managed",
      "type": "azurerm_network_interface",
      "name": "IF-PROD-0",
      "provider": "provider[\"registry.terraform.io/hashicorp/azurerm\"]",
      "instances": [
        {
          "schema_version": 0,
          "attributes": {
            "applied_dns_servers": [],
            "dns_servers": [],
            "edge_zone": "",
            "enable_accelerated_networking": false,
            "enable_ip_forwarding": false,
            "id": "/subscriptions/88b45aab-4ebb-412f-bc44-8483d3a0cbac/resourceGroups/VNETS-RG/providers/Microsoft.Network/networkInterfaces/IF-PROD-0",
            "internal_dns_name_label": "",
            "internal_domain_name_suffix": "vxrjs13jtlwujkhq1je4bmufsc.cbrx.internal.cloudapp.net",
            "ip_configuration": [
              {
                "gateway_load_balancer_frontend_ip_configuration_id": "",
                "name": "IP-PROD-0",
                "primary": true,
                "private_ip_address": "10.0.0.4",
                "private_ip_address_allocation": "Dynamic",
                "private_ip_address_version": "IPv4",
                "public_ip_address_id": "/subscriptions/88b45aab-4ebb-412f-bc44-8483d3a0cbac/resourceGroups/VNETS-RG/providers/Microsoft.Network/publicIPAddresses/PUBLIC-PROD-0",
                "subnet_id": "/subscriptions/88b45aab-4ebb-412f-bc44-8483d3a0cbac/resourceGroups/VNETS-RG/providers/Microsoft.Network/virtualNetworks/VNET-PROD/subnets/SUBNET-PROD-0"
              }
            ],
            "location": "australiacentral",
            "mac_address": "",
            "name": "IF-PROD-0",
            "private_ip_address": "10.0.0.4",
            "private_ip_addresses": [
              "10.0.0.4"
            ],
            "resource_group_name": "VNETS-RG",
            "tags": null,
            "timeouts": null,
            "virtual_machine_id": ""
          },
          "sensitive_attributes": [],
          "private": "eyJlMmJmYjczMC1lY2FhLTExZTYtOGY4OC0zNDM2M2JjN2M0YzAiOnsiY3JlYXRlIjoxODAwMDAwMDAwMDAwLCJkZWxldGUiOjE4MDAwMDAwMDAwMDAsInJlYWQiOjMwMDAwMDAwMDAwMCwidXBkYXRlIjoxODAwMDAwMDAwMDAwfX0=",
          "dependencies": [
            "azurerm_public_ip.PUBLIC-PROD-0",
            "azurerm_resource_group.rg",
            "azurerm_subnet.SUBNET-PROD-0",
            "azurerm_virtual_network.VNET-PROD"
          ]
        }
      ]
    },
    {
      "mode": "managed",
      "type": "azurerm_network_interface",
      "name": "IF-QA-1",
      "provider": "provider[\"registry.terraform.io/hashicorp/azurerm\"]",
      "instances": [
        {
          "schema_version": 0,
          "attributes": {
            "applied_dns_servers": [],
            "dns_servers": [],
            "edge_zone": "",
            "enable_accelerated_networking": false,
            "enable_ip_forwarding": false,
            "id": "/subscriptions/88b45aab-4ebb-412f-bc44-8483d3a0cbac/resourceGroups/VNETS-RG/providers/Microsoft.Network/networkInterfaces/IF-QA-1",
            "internal_dns_name_label": "",
            "internal_domain_name_suffix": "w5hapgwrrp2uhgem1r2ynderqd.cbrx.internal.cloudapp.net",
            "ip_configuration": [
              {
                "gateway_load_balancer_frontend_ip_configuration_id": "",
                "name": "IP-QA-1",
                "primary": true,
                "private_ip_address": "10.1.0.4",
                "private_ip_address_allocation": "Dynamic",
                "private_ip_address_version": "IPv4",
                "public_ip_address_id": "/subscriptions/88b45aab-4ebb-412f-bc44-8483d3a0cbac/resourceGroups/VNETS-RG/providers/Microsoft.Network/publicIPAddresses/PUBLIC-QA-0",
                "subnet_id": "/subscriptions/88b45aab-4ebb-412f-bc44-8483d3a0cbac/resourceGroups/VNETS-RG/providers/Microsoft.Network/virtualNetworks/VNET-QA/subnets/SUBNET-QA-0"
              }
            ],
            "location": "australiacentral",
            "mac_address": "",
            "name": "IF-QA-1",
            "private_ip_address": "10.1.0.4",
            "private_ip_addresses": [
              "10.1.0.4"
            ],
            "resource_group_name": "VNETS-RG",
            "tags": null,
            "timeouts": null,
            "virtual_machine_id": ""
          },
          "sensitive_attributes": [],
          "private": "eyJlMmJmYjczMC1lY2FhLTExZTYtOGY4OC0zNDM2M2JjN2M0YzAiOnsiY3JlYXRlIjoxODAwMDAwMDAwMDAwLCJkZWxldGUiOjE4MDAwMDAwMDAwMDAsInJlYWQiOjMwMDAwMDAwMDAwMCwidXBkYXRlIjoxODAwMDAwMDAwMDAwfX0=",
          "dependencies": [
            "azurerm_public_ip.PUBLIC-QA-0",
            "azurerm_resource_group.rg",
            "azurerm_subnet.SUBNET-QA-0",
            "azurerm_virtual_network.VNET-QA"
          ]
        }
      ]
    },
    {
      "mode": "managed",
      "type": "azurerm_public_ip",
      "name": "PUBLIC-DEV-0",
      "provider": "provider[\"registry.terraform.io/hashicorp/azurerm\"]",
      "instances": [
        {
          "schema_version": 0,
          "attributes": {
            "allocation_method": "Dynamic",
            "domain_name_label": null,
            "edge_zone": "",
            "fqdn": null,
            "id": "/subscriptions/88b45aab-4ebb-412f-bc44-8483d3a0cbac/resourceGroups/VNETS-RG/providers/Microsoft.Network/publicIPAddresses/PUBLIC-DEV-0",
            "idle_timeout_in_minutes": 4,
            "ip_address": "",
            "ip_tags": null,
            "ip_version": "IPv4",
            "location": "australiacentral",
            "name": "PUBLIC-DEV-0",
            "public_ip_prefix_id": null,
            "resource_group_name": "VNETS-RG",
            "reverse_fqdn": null,
            "sku": "Basic",
            "sku_tier": "Regional",
            "tags": null,
            "timeouts": null,
            "zones": null
          },
          "sensitive_attributes": [],
          "private": "eyJlMmJmYjczMC1lY2FhLTExZTYtOGY4OC0zNDM2M2JjN2M0YzAiOnsiY3JlYXRlIjoxODAwMDAwMDAwMDAwLCJkZWxldGUiOjE4MDAwMDAwMDAwMDAsInJlYWQiOjMwMDAwMDAwMDAwMCwidXBkYXRlIjoxODAwMDAwMDAwMDAwfX0=",
          "dependencies": [
            "azurerm_resource_group.rg"
          ]
        }
      ]
    },
    {
      "mode": "managed",
      "type": "azurerm_public_ip",
      "name": "PUBLIC-PROD-0",
      "provider": "provider[\"registry.terraform.io/hashicorp/azurerm\"]",
      "instances": [
        {
          "schema_version": 0,
          "attributes": {
            "allocation_method": "Dynamic",
            "domain_name_label": null,
            "edge_zone": "",
            "fqdn": null,
            "id": "/subscriptions/88b45aab-4ebb-412f-bc44-8483d3a0cbac/resourceGroups/VNETS-RG/providers/Microsoft.Network/publicIPAddresses/PUBLIC-PROD-0",
            "idle_timeout_in_minutes": 4,
            "ip_address": "",
            "ip_tags": null,
            "ip_version": "IPv4",
            "location": "australiacentral",
            "name": "PUBLIC-PROD-0",
            "public_ip_prefix_id": null,
            "resource_group_name": "VNETS-RG",
            "reverse_fqdn": null,
            "sku": "Basic",
            "sku_tier": "Regional",
            "tags": null,
            "timeouts": null,
            "zones": null
          },
          "sensitive_attributes": [],
          "private": "eyJlMmJmYjczMC1lY2FhLTExZTYtOGY4OC0zNDM2M2JjN2M0YzAiOnsiY3JlYXRlIjoxODAwMDAwMDAwMDAwLCJkZWxldGUiOjE4MDAwMDAwMDAwMDAsInJlYWQiOjMwMDAwMDAwMDAwMCwidXBkYXRlIjoxODAwMDAwMDAwMDAwfX0=",
          "dependencies": [
            "azurerm_resource_group.rg"
          ]
        }
      ]
    },
    {
      "mode": "managed",
      "type": "azurerm_public_ip",
      "name": "PUBLIC-QA-0",
      "provider": "provider[\"registry.terraform.io/hashicorp/azurerm\"]",
      "instances": [
        {
          "schema_version": 0,
          "attributes": {
            "allocation_method": "Dynamic",
            "domain_name_label": null,
            "edge_zone": "",
            "fqdn": null,
            "id": "/subscriptions/88b45aab-4ebb-412f-bc44-8483d3a0cbac/resourceGroups/VNETS-RG/providers/Microsoft.Network/publicIPAddresses/PUBLIC-QA-0",
            "idle_timeout_in_minutes": 4,
            "ip_address": "",
            "ip_tags": null,
            "ip_version": "IPv4",
            "location": "australiacentral",
            "name": "PUBLIC-QA-0",
            "public_ip_prefix_id": null,
            "resource_group_name": "VNETS-RG",
            "reverse_fqdn": null,
            "sku": "Basic",
            "sku_tier": "Regional",
            "tags": null,
            "timeouts": null,
            "zones": null
          },
          "sensitive_attributes": [],
          "private": "eyJlMmJmYjczMC1lY2FhLTExZTYtOGY4OC0zNDM2M2JjN2M0YzAiOnsiY3JlYXRlIjoxODAwMDAwMDAwMDAwLCJkZWxldGUiOjE4MDAwMDAwMDAwMDAsInJlYWQiOjMwMDAwMDAwMDAwMCwidXBkYXRlIjoxODAwMDAwMDAwMDAwfX0=",
          "dependencies": [
            "azurerm_resource_group.rg"
          ]
        }
      ]
    },
    {
      "mode": "managed",
      "type": "azurerm_resource_group",
      "name": "rg",
      "provider": "provider[\"registry.terraform.io/hashicorp/azurerm\"]",
      "instances": [
        {
          "schema_version": 0,
          "attributes": {
            "id": "/subscriptions/88b45aab-4ebb-412f-bc44-8483d3a0cbac/resourceGroups/VNETS-RG",
            "location": "australiacentral",
            "name": "VNETS-RG",
            "tags": {
              "BusinessUnit": "Shared",
              "Criticality": "Low",
              "DataClassification": "Non-business",
              "OpsCommitment": "Baseline only",
              "OpsTeam": "NetEng",
              "Project": "VNETS",
              "WorkloadName": "Training"
            },
            "timeouts": null
          },
          "sensitive_attributes": [],
          "private": "eyJlMmJmYjczMC1lY2FhLTExZTYtOGY4OC0zNDM2M2JjN2M0YzAiOnsiY3JlYXRlIjo1NDAwMDAwMDAwMDAwLCJkZWxldGUiOjU0MDAwMDAwMDAwMDAsInJlYWQiOjMwMDAwMDAwMDAwMCwidXBkYXRlIjo1NDAwMDAwMDAwMDAwfX0="
        }
      ]
    },
    {
      "mode": "managed",
      "type": "azurerm_subnet",
      "name": "SUBNET-DEV-0",
      "provider": "provider[\"registry.terraform.io/hashicorp/azurerm\"]",
      "instances": [
        {
          "schema_version": 0,
          "attributes": {
            "address_prefixes": [
              "10.2.0.0/24"
            ],
            "delegation": [],
            "enforce_private_link_endpoint_network_policies": false,
            "enforce_private_link_service_network_policies": false,
            "id": "/subscriptions/88b45aab-4ebb-412f-bc44-8483d3a0cbac/resourceGroups/VNETS-RG/providers/Microsoft.Network/virtualNetworks/VNET-DEV/subnets/SUBNET-DEV-0",
            "name": "SUBNET-DEV-0",
            "resource_group_name": "VNETS-RG",
            "service_endpoint_policy_ids": null,
            "service_endpoints": null,
            "timeouts": null,
            "virtual_network_name": "VNET-DEV"
          },
          "sensitive_attributes": [],
          "private": "eyJlMmJmYjczMC1lY2FhLTExZTYtOGY4OC0zNDM2M2JjN2M0YzAiOnsiY3JlYXRlIjoxODAwMDAwMDAwMDAwLCJkZWxldGUiOjE4MDAwMDAwMDAwMDAsInJlYWQiOjMwMDAwMDAwMDAwMCwidXBkYXRlIjoxODAwMDAwMDAwMDAwfX0=",
          "dependencies": [
            "azurerm_resource_group.rg",
            "azurerm_virtual_network.VNET-DEV"
          ]
        }
      ]
    },
    {
      "mode": "managed",
      "type": "azurerm_subnet",
      "name": "SUBNET-PROD-0",
      "provider": "provider[\"registry.terraform.io/hashicorp/azurerm\"]",
      "instances": [
        {
          "schema_version": 0,
          "attributes": {
            "address_prefixes": [
              "10.0.0.0/24"
            ],
            "delegation": [],
            "enforce_private_link_endpoint_network_policies": false,
            "enforce_private_link_service_network_policies": false,
            "id": "/subscriptions/88b45aab-4ebb-412f-bc44-8483d3a0cbac/resourceGroups/VNETS-RG/providers/Microsoft.Network/virtualNetworks/VNET-PROD/subnets/SUBNET-PROD-0",
            "name": "SUBNET-PROD-0",
            "resource_group_name": "VNETS-RG",
            "service_endpoint_policy_ids": null,
            "service_endpoints": null,
            "timeouts": null,
            "virtual_network_name": "VNET-PROD"
          },
          "sensitive_attributes": [],
          "private": "eyJlMmJmYjczMC1lY2FhLTExZTYtOGY4OC0zNDM2M2JjN2M0YzAiOnsiY3JlYXRlIjoxODAwMDAwMDAwMDAwLCJkZWxldGUiOjE4MDAwMDAwMDAwMDAsInJlYWQiOjMwMDAwMDAwMDAwMCwidXBkYXRlIjoxODAwMDAwMDAwMDAwfX0=",
          "dependencies": [
            "azurerm_resource_group.rg",
            "azurerm_virtual_network.VNET-PROD"
          ]
        }
      ]
    },
    {
      "mode": "managed",
      "type": "azurerm_subnet",
      "name": "SUBNET-PROD-1",
      "provider": "provider[\"registry.terraform.io/hashicorp/azurerm\"]",
      "instances": [
        {
          "schema_version": 0,
          "attributes": {
            "address_prefixes": [
              "10.0.1.0/24"
            ],
            "delegation": [],
            "enforce_private_link_endpoint_network_policies": false,
            "enforce_private_link_service_network_policies": false,
            "id": "/subscriptions/88b45aab-4ebb-412f-bc44-8483d3a0cbac/resourceGroups/VNETS-RG/providers/Microsoft.Network/virtualNetworks/VNET-PROD/subnets/SUBNET-PROD-1",
            "name": "SUBNET-PROD-1",
            "resource_group_name": "VNETS-RG",
            "service_endpoint_policy_ids": null,
            "service_endpoints": null,
            "timeouts": null,
            "virtual_network_name": "VNET-PROD"
          },
          "sensitive_attributes": [],
          "private": "eyJlMmJmYjczMC1lY2FhLTExZTYtOGY4OC0zNDM2M2JjN2M0YzAiOnsiY3JlYXRlIjoxODAwMDAwMDAwMDAwLCJkZWxldGUiOjE4MDAwMDAwMDAwMDAsInJlYWQiOjMwMDAwMDAwMDAwMCwidXBkYXRlIjoxODAwMDAwMDAwMDAwfX0=",
          "dependencies": [
            "azurerm_resource_group.rg",
            "azurerm_virtual_network.VNET-PROD"
          ]
        }
      ]
    },
    {
      "mode": "managed",
      "type": "azurerm_subnet",
      "name": "SUBNET-QA-0",
      "provider": "provider[\"registry.terraform.io/hashicorp/azurerm\"]",
      "instances": [
        {
          "schema_version": 0,
          "attributes": {
            "address_prefixes": [
              "10.1.0.0/24"
            ],
            "delegation": [],
            "enforce_private_link_endpoint_network_policies": false,
            "enforce_private_link_service_network_policies": false,
            "id": "/subscriptions/88b45aab-4ebb-412f-bc44-8483d3a0cbac/resourceGroups/VNETS-RG/providers/Microsoft.Network/virtualNetworks/VNET-QA/subnets/SUBNET-QA-0",
            "name": "SUBNET-QA-0",
            "resource_group_name": "VNETS-RG",
            "service_endpoint_policy_ids": null,
            "service_endpoints": null,
            "timeouts": null,
            "virtual_network_name": "VNET-QA"
          },
          "sensitive_attributes": [],
          "private": "eyJlMmJmYjczMC1lY2FhLTExZTYtOGY4OC0zNDM2M2JjN2M0YzAiOnsiY3JlYXRlIjoxODAwMDAwMDAwMDAwLCJkZWxldGUiOjE4MDAwMDAwMDAwMDAsInJlYWQiOjMwMDAwMDAwMDAwMCwidXBkYXRlIjoxODAwMDAwMDAwMDAwfX0=",
          "dependencies": [
            "azurerm_resource_group.rg",
            "azurerm_virtual_network.VNET-QA"
          ]
        }
      ]
    },
    {
      "mode": "managed",
      "type": "azurerm_virtual_hub",
      "name": "VWAN0-VHUB-0",
      "provider": "provider[\"registry.terraform.io/hashicorp/azurerm\"]",
      "instances": [
        {
          "schema_version": 0,
          "attributes": {
            "address_prefix": "10.200.0.0/24",
            "default_route_table_id": "/subscriptions/88b45aab-4ebb-412f-bc44-8483d3a0cbac/resourceGroups/VNETS-RG/providers/Microsoft.Network/virtualHubs/VWAN0-VHUB-0/hubRouteTables/defaultRouteTable",
            "id": "/subscriptions/88b45aab-4ebb-412f-bc44-8483d3a0cbac/resourceGroups/VNETS-RG/providers/Microsoft.Network/virtualHubs/VWAN0-VHUB-0",
            "location": "australiacentral",
            "name": "VWAN0-VHUB-0",
            "resource_group_name": "VNETS-RG",
            "route": [],
            "sku": "",
            "tags": null,
            "timeouts": null,
            "virtual_router_asn": 65515,
            "virtual_router_ips": [
              "10.200.0.68",
              "10.200.0.69"
            ],
            "virtual_wan_id": "/subscriptions/88b45aab-4ebb-412f-bc44-8483d3a0cbac/resourceGroups/VNETS-RG/providers/Microsoft.Network/virtualWans/VWAN0"
          },
          "sensitive_attributes": [],
          "private": "eyJlMmJmYjczMC1lY2FhLTExZTYtOGY4OC0zNDM2M2JjN2M0YzAiOnsiY3JlYXRlIjozNjAwMDAwMDAwMDAwLCJkZWxldGUiOjM2MDAwMDAwMDAwMDAsInJlYWQiOjMwMDAwMDAwMDAwMCwidXBkYXRlIjozNjAwMDAwMDAwMDAwfX0=",
          "dependencies": [
            "azurerm_resource_group.rg",
            "azurerm_virtual_wan.VWAN0"
          ]
        }
      ]
    },
    {
      "mode": "managed",
      "type": "azurerm_virtual_hub_connection",
      "name": "CONN-HUB0-DEV",
      "provider": "provider[\"registry.terraform.io/hashicorp/azurerm\"]",
      "instances": [
        {
          "schema_version": 0,
          "attributes": {
            "id": "/subscriptions/88b45aab-4ebb-412f-bc44-8483d3a0cbac/resourceGroups/VNETS-RG/providers/Microsoft.Network/virtualHubs/VWAN0-VHUB-0/hubVirtualNetworkConnections/CONN-HUB0-DEV",
            "internet_security_enabled": false,
            "name": "CONN-HUB0-DEV",
            "remote_virtual_network_id": "/subscriptions/88b45aab-4ebb-412f-bc44-8483d3a0cbac/resourceGroups/VNETS-RG/providers/Microsoft.Network/virtualNetworks/VNET-DEV",
            "routing": [
              {
                "associated_route_table_id": "/subscriptions/88b45aab-4ebb-412f-bc44-8483d3a0cbac/resourceGroups/VNETS-RG/providers/Microsoft.Network/virtualHubs/VWAN0-VHUB-0/hubRouteTables/defaultRouteTable",
                "propagated_route_table": [
                  {
                    "labels": [
                      "default"
                    ],
                    "route_table_ids": [
                      "/subscriptions/88b45aab-4ebb-412f-bc44-8483d3a0cbac/resourceGroups/VNETS-RG/providers/Microsoft.Network/virtualHubs/VWAN0-VHUB-0/hubRouteTables/defaultRouteTable"
                    ]
                  }
                ],
                "static_vnet_route": []
              }
            ],
            "timeouts": null,
            "virtual_hub_id": "/subscriptions/88b45aab-4ebb-412f-bc44-8483d3a0cbac/resourceGroups/VNETS-RG/providers/Microsoft.Network/virtualHubs/VWAN0-VHUB-0"
          },
          "sensitive_attributes": [],
          "private": "eyJlMmJmYjczMC1lY2FhLTExZTYtOGY4OC0zNDM2M2JjN2M0YzAiOnsiY3JlYXRlIjozNjAwMDAwMDAwMDAwLCJkZWxldGUiOjM2MDAwMDAwMDAwMDAsInJlYWQiOjMwMDAwMDAwMDAwMCwidXBkYXRlIjozNjAwMDAwMDAwMDAwfX0=",
          "dependencies": [
            "azurerm_resource_group.rg",
            "azurerm_virtual_hub.VWAN0-VHUB-0",
            "azurerm_virtual_network.VNET-DEV",
            "azurerm_virtual_wan.VWAN0"
          ]
        }
      ]
    },
    {
      "mode": "managed",
      "type": "azurerm_virtual_hub_connection",
      "name": "CONN-HUB0-PROD",
      "provider": "provider[\"registry.terraform.io/hashicorp/azurerm\"]",
      "instances": [
        {
          "schema_version": 0,
          "attributes": {
            "id": "/subscriptions/88b45aab-4ebb-412f-bc44-8483d3a0cbac/resourceGroups/VNETS-RG/providers/Microsoft.Network/virtualHubs/VWAN0-VHUB-0/hubVirtualNetworkConnections/CONN-HUB0-PROD",
            "internet_security_enabled": false,
            "name": "CONN-HUB0-PROD",
            "remote_virtual_network_id": "/subscriptions/88b45aab-4ebb-412f-bc44-8483d3a0cbac/resourceGroups/VNETS-RG/providers/Microsoft.Network/virtualNetworks/VNET-PROD",
            "routing": [
              {
                "associated_route_table_id": "/subscriptions/88b45aab-4ebb-412f-bc44-8483d3a0cbac/resourceGroups/VNETS-RG/providers/Microsoft.Network/virtualHubs/VWAN0-VHUB-0/hubRouteTables/defaultRouteTable",
                "propagated_route_table": [
                  {
                    "labels": [
                      "default"
                    ],
                    "route_table_ids": [
                      "/subscriptions/88b45aab-4ebb-412f-bc44-8483d3a0cbac/resourceGroups/VNETS-RG/providers/Microsoft.Network/virtualHubs/VWAN0-VHUB-0/hubRouteTables/defaultRouteTable"
                    ]
                  }
                ],
                "static_vnet_route": []
              }
            ],
            "timeouts": null,
            "virtual_hub_id": "/subscriptions/88b45aab-4ebb-412f-bc44-8483d3a0cbac/resourceGroups/VNETS-RG/providers/Microsoft.Network/virtualHubs/VWAN0-VHUB-0"
          },
          "sensitive_attributes": [],
          "private": "eyJlMmJmYjczMC1lY2FhLTExZTYtOGY4OC0zNDM2M2JjN2M0YzAiOnsiY3JlYXRlIjozNjAwMDAwMDAwMDAwLCJkZWxldGUiOjM2MDAwMDAwMDAwMDAsInJlYWQiOjMwMDAwMDAwMDAwMCwidXBkYXRlIjozNjAwMDAwMDAwMDAwfX0=",
          "dependencies": [
            "azurerm_resource_group.rg",
            "azurerm_virtual_hub.VWAN0-VHUB-0",
            "azurerm_virtual_network.VNET-PROD",
            "azurerm_virtual_wan.VWAN0"
          ]
        }
      ]
    },
    {
      "mode": "managed",
      "type": "azurerm_virtual_hub_connection",
      "name": "CONN-HUB0-QA",
      "provider": "provider[\"registry.terraform.io/hashicorp/azurerm\"]",
      "instances": [
        {
          "schema_version": 0,
          "attributes": {
            "id": "/subscriptions/88b45aab-4ebb-412f-bc44-8483d3a0cbac/resourceGroups/VNETS-RG/providers/Microsoft.Network/virtualHubs/VWAN0-VHUB-0/hubVirtualNetworkConnections/CONN-HUB0-WA",
            "internet_security_enabled": false,
            "name": "CONN-HUB0-WA",
            "remote_virtual_network_id": "/subscriptions/88b45aab-4ebb-412f-bc44-8483d3a0cbac/resourceGroups/VNETS-RG/providers/Microsoft.Network/virtualNetworks/VNET-QA",
            "routing": [
              {
                "associated_route_table_id": "/subscriptions/88b45aab-4ebb-412f-bc44-8483d3a0cbac/resourceGroups/VNETS-RG/providers/Microsoft.Network/virtualHubs/VWAN0-VHUB-0/hubRouteTables/defaultRouteTable",
                "propagated_route_table": [
                  {
                    "labels": [
                      "default"
                    ],
                    "route_table_ids": [
                      "/subscriptions/88b45aab-4ebb-412f-bc44-8483d3a0cbac/resourceGroups/VNETS-RG/providers/Microsoft.Network/virtualHubs/VWAN0-VHUB-0/hubRouteTables/defaultRouteTable"
                    ]
                  }
                ],
                "static_vnet_route": []
              }
            ],
            "timeouts": null,
            "virtual_hub_id": "/subscriptions/88b45aab-4ebb-412f-bc44-8483d3a0cbac/resourceGroups/VNETS-RG/providers/Microsoft.Network/virtualHubs/VWAN0-VHUB-0"
          },
          "sensitive_attributes": [],
          "private": "eyJlMmJmYjczMC1lY2FhLTExZTYtOGY4OC0zNDM2M2JjN2M0YzAiOnsiY3JlYXRlIjozNjAwMDAwMDAwMDAwLCJkZWxldGUiOjM2MDAwMDAwMDAwMDAsInJlYWQiOjMwMDAwMDAwMDAwMCwidXBkYXRlIjozNjAwMDAwMDAwMDAwfX0=",
          "dependencies": [
            "azurerm_resource_group.rg",
            "azurerm_virtual_hub.VWAN0-VHUB-0",
            "azurerm_virtual_network.VNET-QA",
            "azurerm_virtual_wan.VWAN0"
          ]
        }
      ]
    },
    {
      "mode": "managed",
      "type": "azurerm_virtual_network",
      "name": "VNET-DEV",
      "provider": "provider[\"registry.terraform.io/hashicorp/azurerm\"]",
      "instances": [
        {
          "schema_version": 0,
          "attributes": {
            "address_space": [
              "10.2.0.0/16"
            ],
            "bgp_community": "",
            "ddos_protection_plan": [],
            "dns_servers": [],
            "edge_zone": "",
            "flow_timeout_in_minutes": 0,
            "guid": "10880787-060e-4b5d-ae31-a6ab2665446c",
            "id": "/subscriptions/88b45aab-4ebb-412f-bc44-8483d3a0cbac/resourceGroups/VNETS-RG/providers/Microsoft.Network/virtualNetworks/VNET-DEV",
            "location": "australiacentral",
            "name": "VNET-DEV",
            "resource_group_name": "VNETS-RG",
            "subnet": [],
            "tags": null,
            "timeouts": null
          },
          "sensitive_attributes": [],
          "private": "eyJlMmJmYjczMC1lY2FhLTExZTYtOGY4OC0zNDM2M2JjN2M0YzAiOnsiY3JlYXRlIjoxODAwMDAwMDAwMDAwLCJkZWxldGUiOjE4MDAwMDAwMDAwMDAsInJlYWQiOjMwMDAwMDAwMDAwMCwidXBkYXRlIjoxODAwMDAwMDAwMDAwfX0=",
          "dependencies": [
            "azurerm_resource_group.rg"
          ]
        }
      ]
    },
    {
      "mode": "managed",
      "type": "azurerm_virtual_network",
      "name": "VNET-PROD",
      "provider": "provider[\"registry.terraform.io/hashicorp/azurerm\"]",
      "instances": [
        {
          "schema_version": 0,
          "attributes": {
            "address_space": [
              "10.0.0.0/16"
            ],
            "bgp_community": "",
            "ddos_protection_plan": [],
            "dns_servers": [],
            "edge_zone": "",
            "flow_timeout_in_minutes": 0,
            "guid": "6f99e2ad-9aa9-44ed-a8f0-da49e0b28592",
            "id": "/subscriptions/88b45aab-4ebb-412f-bc44-8483d3a0cbac/resourceGroups/VNETS-RG/providers/Microsoft.Network/virtualNetworks/VNET-PROD",
            "location": "australiacentral",
            "name": "VNET-PROD",
            "resource_group_name": "VNETS-RG",
            "subnet": [],
            "tags": null,
            "timeouts": null
          },
          "sensitive_attributes": [],
          "private": "eyJlMmJmYjczMC1lY2FhLTExZTYtOGY4OC0zNDM2M2JjN2M0YzAiOnsiY3JlYXRlIjoxODAwMDAwMDAwMDAwLCJkZWxldGUiOjE4MDAwMDAwMDAwMDAsInJlYWQiOjMwMDAwMDAwMDAwMCwidXBkYXRlIjoxODAwMDAwMDAwMDAwfX0=",
          "dependencies": [
            "azurerm_resource_group.rg"
          ]
        }
      ]
    },
    {
      "mode": "managed",
      "type": "azurerm_virtual_network",
      "name": "VNET-QA",
      "provider": "provider[\"registry.terraform.io/hashicorp/azurerm\"]",
      "instances": [
        {
          "schema_version": 0,
          "attributes": {
            "address_space": [
              "10.1.0.0/16"
            ],
            "bgp_community": "",
            "ddos_protection_plan": [],
            "dns_servers": [],
            "edge_zone": "",
            "flow_timeout_in_minutes": 0,
            "guid": "9a07ceb7-8bd1-43f9-988c-dc79868c9183",
            "id": "/subscriptions/88b45aab-4ebb-412f-bc44-8483d3a0cbac/resourceGroups/VNETS-RG/providers/Microsoft.Network/virtualNetworks/VNET-QA",
            "location": "australiacentral",
            "name": "VNET-QA",
            "resource_group_name": "VNETS-RG",
            "subnet": [],
            "tags": null,
            "timeouts": null
          },
          "sensitive_attributes": [],
          "private": "eyJlMmJmYjczMC1lY2FhLTExZTYtOGY4OC0zNDM2M2JjN2M0YzAiOnsiY3JlYXRlIjoxODAwMDAwMDAwMDAwLCJkZWxldGUiOjE4MDAwMDAwMDAwMDAsInJlYWQiOjMwMDAwMDAwMDAwMCwidXBkYXRlIjoxODAwMDAwMDAwMDAwfX0=",
          "dependencies": [
            "azurerm_resource_group.rg"
          ]
        }
      ]
    },
    {
      "mode": "managed",
      "type": "azurerm_virtual_wan",
      "name": "VWAN0",
      "provider": "provider[\"registry.terraform.io/hashicorp/azurerm\"]",
      "instances": [
        {
          "schema_version": 0,
          "attributes": {
            "allow_branch_to_branch_traffic": true,
            "disable_vpn_encryption": false,
            "id": "/subscriptions/88b45aab-4ebb-412f-bc44-8483d3a0cbac/resourceGroups/VNETS-RG/providers/Microsoft.Network/virtualWans/VWAN0",
            "location": "australiacentral",
            "name": "VWAN0",
            "office365_local_breakout_category": "None",
            "resource_group_name": "VNETS-RG",
            "tags": null,
            "timeouts": null,
            "type": "Standard"
          },
          "sensitive_attributes": [],
          "private": "eyJlMmJmYjczMC1lY2FhLTExZTYtOGY4OC0zNDM2M2JjN2M0YzAiOnsiY3JlYXRlIjoxODAwMDAwMDAwMDAwLCJkZWxldGUiOjE4MDAwMDAwMDAwMDAsInJlYWQiOjMwMDAwMDAwMDAwMCwidXBkYXRlIjoxODAwMDAwMDAwMDAwfX0=",
          "dependencies": [
            "azurerm_resource_group.rg"
          ]
        }
      ]
    }
  ]
}
