{
  "version": 4,
  "terraform_version": "1.1.9",
  "serial": 1,
  "lineage": "b68af8d4-a57e-b5d2-a988-e27a9c742c67",
  "outputs": {},
  "resources": [
    {
      "mode": "managed",
      "type": "azurerm_resource_group",
      "name": "rg",
      "provider": "provider[\"registry.terraform.io/hashicorp/azurerm\"]",
      "instances": [
        {
          "schema_version": 0,
          "attributes": {
            "id": "/subscriptions/88b45aab-4ebb-412f-bc44-8483d3a0cbac/resourceGroups/TF-RG",
            "location": "australiacentral",
            "name": "TF-RG",
            "tags": {
              "BusinessUnit": "Shared",
              "Criticality": "Low",
              "DataClassification": "Non-business",
              "OpsCommitment": "Baseline only",
              "OpsTeam": "NetEng",
              "WorkloadName": "Training"
            },
            "timeouts": null
          },
          "sensitive_attributes": [],
          "private": "eyJlMmJmYjczMC1lY2FhLTExZTYtOGY4OC0zNDM2M2JjN2M0YzAiOnsiY3JlYXRlIjo1NDAwMDAwMDAwMDAwLCJkZWxldGUiOjU0MDAwMDAwMDAwMDAsInJlYWQiOjMwMDAwMDAwMDAwMCwidXBkYXRlIjo1NDAwMDAwMDAwMDAwfX0="
        }
      ]
    }
  ]
}
