{
  "version": 4,
  "terraform_version": "1.1.9",
  "serial": 241,
  "lineage": "f9c4aa68-f1f6-2532-b212-f1d206a6e508",
  "outputs": {},
  "resources": [
    {
      "mode": "managed",
      "type": "azurerm_application_security_group",
      "name": "ASG-DEV0",
      "provider": "provider[\"registry.terraform.io/hashicorp/azurerm\"]",
      "instances": [
        {
          "schema_version": 0,
          "attributes": {
            "id": "/subscriptions/88b45aab-4ebb-412f-bc44-8483d3a0cbac/resourceGroups/NSG-RG/providers/Microsoft.Network/applicationSecurityGroups/ASG-DEV0",
            "location": "australiacentral",
            "name": "ASG-DEV0",
            "resource_group_name": "NSG-RG",
            "tags": {},
            "timeouts": null
          },
          "sensitive_attributes": [],
          "private": "eyJlMmJmYjczMC1lY2FhLTExZTYtOGY4OC0zNDM2M2JjN2M0YzAiOnsiY3JlYXRlIjoxODAwMDAwMDAwMDAwLCJkZWxldGUiOjE4MDAwMDAwMDAwMDAsInJlYWQiOjMwMDAwMDAwMDAwMCwidXBkYXRlIjoxODAwMDAwMDAwMDAwfX0=",
          "dependencies": [
            "azurerm_resource_group.rg"
          ]
        }
      ]
    },
    {
      "mode": "managed",
      "type": "azurerm_application_security_group",
      "name": "ASG-PROD0",
      "provider": "provider[\"registry.terraform.io/hashicorp/azurerm\"]",
      "instances": [
        {
          "schema_version": 0,
          "attributes": {
            "id": "/subscriptions/88b45aab-4ebb-412f-bc44-8483d3a0cbac/resourceGroups/NSG-RG/providers/Microsoft.Network/applicationSecurityGroups/ASG-PROD0",
            "location": "australiacentral",
            "name": "ASG-PROD0",
            "resource_group_name": "NSG-RG",
            "tags": {},
            "timeouts": null
          },
          "sensitive_attributes": [],
          "private": "eyJlMmJmYjczMC1lY2FhLTExZTYtOGY4OC0zNDM2M2JjN2M0YzAiOnsiY3JlYXRlIjoxODAwMDAwMDAwMDAwLCJkZWxldGUiOjE4MDAwMDAwMDAwMDAsInJlYWQiOjMwMDAwMDAwMDAwMCwidXBkYXRlIjoxODAwMDAwMDAwMDAwfX0=",
          "dependencies": [
            "azurerm_resource_group.rg"
          ]
        }
      ]
    },
    {
      "mode": "managed",
      "type": "azurerm_application_security_group",
      "name": "ASG-QA0",
      "provider": "provider[\"registry.terraform.io/hashicorp/azurerm\"]",
      "instances": [
        {
          "schema_version": 0,
          "attributes": {
            "id": "/subscriptions/88b45aab-4ebb-412f-bc44-8483d3a0cbac/resourceGroups/NSG-RG/providers/Microsoft.Network/applicationSecurityGroups/ASG-QA0",
            "location": "australiacentral",
            "name": "ASG-QA0",
            "resource_group_name": "NSG-RG",
            "tags": {},
            "timeouts": null
          },
          "sensitive_attributes": [],
          "private": "eyJlMmJmYjczMC1lY2FhLTExZTYtOGY4OC0zNDM2M2JjN2M0YzAiOnsiY3JlYXRlIjoxODAwMDAwMDAwMDAwLCJkZWxldGUiOjE4MDAwMDAwMDAwMDAsInJlYWQiOjMwMDAwMDAwMDAwMCwidXBkYXRlIjoxODAwMDAwMDAwMDAwfX0=",
          "dependencies": [
            "azurerm_resource_group.rg"
          ]
        }
      ]
    },
    {
      "mode": "managed",
      "type": "azurerm_linux_virtual_machine",
      "name": "VM-PROD-0",
      "provider": "provider[\"registry.terraform.io/hashicorp/azurerm\"]",
      "instances": [
        {
          "schema_version": 0,
          "attributes": {
            "additional_capabilities": [],
            "admin_password": null,
            "admin_ssh_key": [
              {
                "public_key": "ssh-rsa AAAAB3NzaC1yc2EAAAADAQABAAACAQDmKVtv84gO0u1ZTevT/p6RbBN2tnFLuQGeu0KE1+wcBtMuHfyjjd3XMxq1EIRX/5NX1GeyCSG9251XelbgspBNFD105VC7v3zTW5cEC7V1a8Aid0ZbREl3A1gth3dj29txM2SCp37dldCxKHH98vJ2Ovk67js2QBNMcrHqjLQ7APz6Cd89eSfsdHjY2iebasHO97joJuvKoAMQ4TjgG22ZjoNW/1LCDQLaLn3f5pzrojv+/V2UZn097dCUIMTIO0VqtvRB7LgqP0ekAhTXYH+S8/Nfo0yHTKzw3gX37n91/YqtF5IplY5K9QtKNnsCSaOq0rwR8p0OwRXH+0qOUJ92Xy3rEVlBOGN4qeMb+fDfQwMPDw/y0PuX4y2jQATFAM/ONoiaracApr4zazfaGE3beJDTTFNpvAbcSh0ksGgWSVvcJ5NhXOEbZXdQeScqunW5C8elwEAznAprtYpnfkJqwLKkQNQ1PEaAOOfpnJru2QVyvrjZCrxK6S7W+19Gv4Pu1deIX+H0xC7fYMHpj8yJvzzNIXpYQqwzfpfFHW8ZhDIV5Wmw1qpeeWiHRUiAjX/gur6P8WwkIDni1HKUnl6iwa26TRzLpbQ0q69oqF8QUXo0Rvlx6DgNm59qxetK+9jzeG4Rfx938S9+5vfsQUzpxhdMn1ooNv47S2pwIlTnTQ== jaconaway1@gmail.com\n",
                "username": "jac"
              }
            ],
            "admin_username": "jac",
            "allow_extension_operations": true,
            "availability_set_id": "",
            "boot_diagnostics": [],
            "computer_name": "VM-PROD-0",
            "custom_data": null,
            "dedicated_host_group_id": "",
            "dedicated_host_id": "",
            "disable_password_authentication": true,
            "edge_zone": "",
            "encryption_at_host_enabled": false,
            "eviction_policy": "",
            "extensions_time_budget": "PT1H30M",
            "id": "/subscriptions/88b45aab-4ebb-412f-bc44-8483d3a0cbac/resourceGroups/NSG-RG/providers/Microsoft.Compute/virtualMachines/VM-PROD-0",
            "identity": [],
            "license_type": "",
            "location": "australiacentral",
            "max_bid_price": -1,
            "name": "VM-PROD-0",
            "network_interface_ids": [
              "/subscriptions/88b45aab-4ebb-412f-bc44-8483d3a0cbac/resourceGroups/NSG-RG/providers/Microsoft.Network/networkInterfaces/IF-PROD-0"
            ],
            "os_disk": [
              {
                "caching": "ReadWrite",
                "diff_disk_settings": [],
                "disk_encryption_set_id": "",
                "disk_size_gb": 30,
                "name": "VM-PROD-0_disk1_0cdf7bf0424f4d2eb75172e3e29a2688",
                "storage_account_type": "Standard_LRS",
                "write_accelerator_enabled": false
              }
            ],
            "patch_mode": "ImageDefault",
            "plan": [],
            "platform_fault_domain": -1,
            "priority": "Regular",
            "private_ip_address": "10.0.0.4",
            "private_ip_addresses": [
              "10.0.0.4"
            ],
            "provision_vm_agent": true,
            "proximity_placement_group_id": "",
            "public_ip_address": "20.213.237.198",
            "public_ip_addresses": [
              "20.213.237.198"
            ],
            "resource_group_name": "NSG-RG",
            "secret": [],
            "secure_boot_enabled": false,
            "size": "Standard_B1s",
            "source_image_id": "",
            "source_image_reference": [
              {
                "offer": "UbuntuServer",
                "publisher": "Canonical",
                "sku": "16.04-LTS",
                "version": "latest"
              }
            ],
            "tags": {},
            "termination_notification": [],
            "timeouts": null,
            "user_data": "",
            "virtual_machine_id": "d253f9d7-e8dd-400c-81a4-193371113b8a",
            "virtual_machine_scale_set_id": "",
            "vtpm_enabled": false,
            "zone": ""
          },
          "sensitive_attributes": [],
          "private": "eyJlMmJmYjczMC1lY2FhLTExZTYtOGY4OC0zNDM2M2JjN2M0YzAiOnsiY3JlYXRlIjoyNzAwMDAwMDAwMDAwLCJkZWxldGUiOjI3MDAwMDAwMDAwMDAsInJlYWQiOjMwMDAwMDAwMDAwMCwidXBkYXRlIjoyNzAwMDAwMDAwMDAwfX0=",
          "dependencies": [
            "azurerm_network_interface.IF-PROD-0",
            "azurerm_public_ip.PUBLIC-PROD-0",
            "azurerm_resource_group.rg",
            "azurerm_subnet.SUBNET-PROD-0",
            "azurerm_virtual_network.VNET-PROD"
          ]
        }
      ]
    },
    {
      "mode": "managed",
      "type": "azurerm_linux_virtual_machine",
      "name": "VM-PROD-1",
      "provider": "provider[\"registry.terraform.io/hashicorp/azurerm\"]",
      "instances": [
        {
          "schema_version": 0,
          "attributes": {
            "additional_capabilities": [],
            "admin_password": null,
            "admin_ssh_key": [
              {
                "public_key": "ssh-rsa AAAAB3NzaC1yc2EAAAADAQABAAACAQDmKVtv84gO0u1ZTevT/p6RbBN2tnFLuQGeu0KE1+wcBtMuHfyjjd3XMxq1EIRX/5NX1GeyCSG9251XelbgspBNFD105VC7v3zTW5cEC7V1a8Aid0ZbREl3A1gth3dj29txM2SCp37dldCxKHH98vJ2Ovk67js2QBNMcrHqjLQ7APz6Cd89eSfsdHjY2iebasHO97joJuvKoAMQ4TjgG22ZjoNW/1LCDQLaLn3f5pzrojv+/V2UZn097dCUIMTIO0VqtvRB7LgqP0ekAhTXYH+S8/Nfo0yHTKzw3gX37n91/YqtF5IplY5K9QtKNnsCSaOq0rwR8p0OwRXH+0qOUJ92Xy3rEVlBOGN4qeMb+fDfQwMPDw/y0PuX4y2jQATFAM/ONoiaracApr4zazfaGE3beJDTTFNpvAbcSh0ksGgWSVvcJ5NhXOEbZXdQeScqunW5C8elwEAznAprtYpnfkJqwLKkQNQ1PEaAOOfpnJru2QVyvrjZCrxK6S7W+19Gv4Pu1deIX+H0xC7fYMHpj8yJvzzNIXpYQqwzfpfFHW8ZhDIV5Wmw1qpeeWiHRUiAjX/gur6P8WwkIDni1HKUnl6iwa26TRzLpbQ0q69oqF8QUXo0Rvlx6DgNm59qxetK+9jzeG4Rfx938S9+5vfsQUzpxhdMn1ooNv47S2pwIlTnTQ== jaconaway1@gmail.com\n",
                "username": "jac"
              }
            ],
            "admin_username": "jac",
            "allow_extension_operations": true,
            "availability_set_id": "",
            "boot_diagnostics": [],
            "computer_name": "VM-PROD-1",
            "custom_data": null,
            "dedicated_host_group_id": "",
            "dedicated_host_id": "",
            "disable_password_authentication": true,
            "edge_zone": "",
            "encryption_at_host_enabled": false,
            "eviction_policy": "",
            "extensions_time_budget": "PT1H30M",
            "id": "/subscriptions/88b45aab-4ebb-412f-bc44-8483d3a0cbac/resourceGroups/NSG-RG/providers/Microsoft.Compute/virtualMachines/VM-PROD-1",
            "identity": [],
            "license_type": "",
            "location": "australiacentral",
            "max_bid_price": -1,
            "name": "VM-PROD-1",
            "network_interface_ids": [
              "/subscriptions/88b45aab-4ebb-412f-bc44-8483d3a0cbac/resourceGroups/NSG-RG/providers/Microsoft.Network/networkInterfaces/IF-PROD-1"
            ],
            "os_disk": [
              {
                "caching": "ReadWrite",
                "diff_disk_settings": [],
                "disk_encryption_set_id": "",
                "disk_size_gb": 30,
                "name": "VM-PROD-1_OsDisk_1_0a05fa731fb04a4fa2c18be4d7ebc63f",
                "storage_account_type": "Standard_LRS",
                "write_accelerator_enabled": false
              }
            ],
            "patch_mode": "ImageDefault",
            "plan": [],
            "platform_fault_domain": -1,
            "priority": "Regular",
            "private_ip_address": "10.0.0.5",
            "private_ip_addresses": [
              "10.0.0.5"
            ],
            "provision_vm_agent": true,
            "proximity_placement_group_id": "",
            "public_ip_address": "20.213.237.66",
            "public_ip_addresses": [
              "20.213.237.66"
            ],
            "resource_group_name": "NSG-RG",
            "secret": [],
            "secure_boot_enabled": false,
            "size": "Standard_B1s",
            "source_image_id": "",
            "source_image_reference": [
              {
                "offer": "UbuntuServer",
                "publisher": "Canonical",
                "sku": "16.04-LTS",
                "version": "latest"
              }
            ],
            "tags": {},
            "termination_notification": [],
            "timeouts": null,
            "user_data": "",
            "virtual_machine_id": "43e2d759-8311-4cf9-b224-5d6849a732cf",
            "virtual_machine_scale_set_id": "",
            "vtpm_enabled": false,
            "zone": ""
          },
          "sensitive_attributes": [],
          "private": "eyJlMmJmYjczMC1lY2FhLTExZTYtOGY4OC0zNDM2M2JjN2M0YzAiOnsiY3JlYXRlIjoyNzAwMDAwMDAwMDAwLCJkZWxldGUiOjI3MDAwMDAwMDAwMDAsInJlYWQiOjMwMDAwMDAwMDAwMCwidXBkYXRlIjoyNzAwMDAwMDAwMDAwfX0=",
          "dependencies": [
            "azurerm_network_interface.IF-PROD-1",
            "azurerm_public_ip.PUBLIC-PROD-1",
            "azurerm_resource_group.rg",
            "azurerm_subnet.SUBNET-PROD-0",
            "azurerm_virtual_network.VNET-PROD"
          ]
        }
      ]
    },
    {
      "mode": "managed",
      "type": "azurerm_network_interface",
      "name": "IF-PROD-0",
      "provider": "provider[\"registry.terraform.io/hashicorp/azurerm\"]",
      "instances": [
        {
          "schema_version": 0,
          "attributes": {
            "applied_dns_servers": [],
            "dns_servers": [],
            "edge_zone": "",
            "enable_accelerated_networking": false,
            "enable_ip_forwarding": false,
            "id": "/subscriptions/88b45aab-4ebb-412f-bc44-8483d3a0cbac/resourceGroups/NSG-RG/providers/Microsoft.Network/networkInterfaces/IF-PROD-0",
            "internal_dns_name_label": "",
            "internal_domain_name_suffix": "s3omg5u5zjruff1lpjjyz3qztd.cbrx.internal.cloudapp.net",
            "ip_configuration": [
              {
                "gateway_load_balancer_frontend_ip_configuration_id": "",
                "name": "IP-PROD-0",
                "primary": true,
                "private_ip_address": "10.0.0.4",
                "private_ip_address_allocation": "Dynamic",
                "private_ip_address_version": "IPv4",
                "public_ip_address_id": "/subscriptions/88b45aab-4ebb-412f-bc44-8483d3a0cbac/resourceGroups/NSG-RG/providers/Microsoft.Network/publicIPAddresses/PUBLIC-PROD-0",
                "subnet_id": "/subscriptions/88b45aab-4ebb-412f-bc44-8483d3a0cbac/resourceGroups/NSG-RG/providers/Microsoft.Network/virtualNetworks/VNET-PROD/subnets/SUBNET-PROD-0"
              }
            ],
            "location": "australiacentral",
            "mac_address": "00-0D-3A-8A-17-68",
            "name": "IF-PROD-0",
            "private_ip_address": "10.0.0.4",
            "private_ip_addresses": [
              "10.0.0.4"
            ],
            "resource_group_name": "NSG-RG",
            "tags": {},
            "timeouts": null,
            "virtual_machine_id": "/subscriptions/88b45aab-4ebb-412f-bc44-8483d3a0cbac/resourceGroups/NSG-RG/providers/Microsoft.Compute/virtualMachines/VM-PROD-0"
          },
          "sensitive_attributes": [],
          "private": "eyJlMmJmYjczMC1lY2FhLTExZTYtOGY4OC0zNDM2M2JjN2M0YzAiOnsiY3JlYXRlIjoxODAwMDAwMDAwMDAwLCJkZWxldGUiOjE4MDAwMDAwMDAwMDAsInJlYWQiOjMwMDAwMDAwMDAwMCwidXBkYXRlIjoxODAwMDAwMDAwMDAwfX0=",
          "dependencies": [
            "azurerm_public_ip.PUBLIC-PROD-0",
            "azurerm_resource_group.rg",
            "azurerm_subnet.SUBNET-PROD-0",
            "azurerm_virtual_network.VNET-PROD"
          ]
        }
      ]
    },
    {
      "mode": "managed",
      "type": "azurerm_network_interface",
      "name": "IF-PROD-1",
      "provider": "provider[\"registry.terraform.io/hashicorp/azurerm\"]",
      "instances": [
        {
          "schema_version": 0,
          "attributes": {
            "applied_dns_servers": [],
            "dns_servers": [],
            "edge_zone": "",
            "enable_accelerated_networking": false,
            "enable_ip_forwarding": false,
            "id": "/subscriptions/88b45aab-4ebb-412f-bc44-8483d3a0cbac/resourceGroups/NSG-RG/providers/Microsoft.Network/networkInterfaces/IF-PROD-1",
            "internal_dns_name_label": "",
            "internal_domain_name_suffix": "s3omg5u5zjruff1lpjjyz3qztd.cbrx.internal.cloudapp.net",
            "ip_configuration": [
              {
                "gateway_load_balancer_frontend_ip_configuration_id": "",
                "name": "IP-PROD-1",
                "primary": true,
                "private_ip_address": "10.0.0.5",
                "private_ip_address_allocation": "Dynamic",
                "private_ip_address_version": "IPv4",
                "public_ip_address_id": "/subscriptions/88b45aab-4ebb-412f-bc44-8483d3a0cbac/resourceGroups/NSG-RG/providers/Microsoft.Network/publicIPAddresses/PUBLIC-PROD-1",
                "subnet_id": "/subscriptions/88b45aab-4ebb-412f-bc44-8483d3a0cbac/resourceGroups/NSG-RG/providers/Microsoft.Network/virtualNetworks/VNET-PROD/subnets/SUBNET-PROD-0"
              }
            ],
            "location": "australiacentral",
            "mac_address": "00-0D-3A-95-FA-3E",
            "name": "IF-PROD-1",
            "private_ip_address": "10.0.0.5",
            "private_ip_addresses": [
              "10.0.0.5"
            ],
            "resource_group_name": "NSG-RG",
            "tags": {},
            "timeouts": null,
            "virtual_machine_id": "/subscriptions/88b45aab-4ebb-412f-bc44-8483d3a0cbac/resourceGroups/NSG-RG/providers/Microsoft.Compute/virtualMachines/VM-PROD-1"
          },
          "sensitive_attributes": [],
          "private": "eyJlMmJmYjczMC1lY2FhLTExZTYtOGY4OC0zNDM2M2JjN2M0YzAiOnsiY3JlYXRlIjoxODAwMDAwMDAwMDAwLCJkZWxldGUiOjE4MDAwMDAwMDAwMDAsInJlYWQiOjMwMDAwMDAwMDAwMCwidXBkYXRlIjoxODAwMDAwMDAwMDAwfX0=",
          "dependencies": [
            "azurerm_public_ip.PUBLIC-PROD-1",
            "azurerm_resource_group.rg",
            "azurerm_subnet.SUBNET-PROD-0",
            "azurerm_virtual_network.VNET-PROD"
          ]
        }
      ]
    },
    {
      "mode": "managed",
      "type": "azurerm_network_interface_application_security_group_association",
      "name": "ASG-PROD0",
      "provider": "provider[\"registry.terraform.io/hashicorp/azurerm\"]",
      "instances": [
        {
          "schema_version": 1,
          "attributes": {
            "application_security_group_id": "/subscriptions/88b45aab-4ebb-412f-bc44-8483d3a0cbac/resourceGroups/NSG-RG/providers/Microsoft.Network/applicationSecurityGroups/ASG-PROD0",
            "id": "/subscriptions/88b45aab-4ebb-412f-bc44-8483d3a0cbac/resourceGroups/NSG-RG/providers/Microsoft.Network/networkInterfaces/IF-PROD-0|/subscriptions/88b45aab-4ebb-412f-bc44-8483d3a0cbac/resourceGroups/NSG-RG/providers/Microsoft.Network/applicationSecurityGroups/ASG-PROD0",
            "network_interface_id": "/subscriptions/88b45aab-4ebb-412f-bc44-8483d3a0cbac/resourceGroups/NSG-RG/providers/Microsoft.Network/networkInterfaces/IF-PROD-0",
            "timeouts": null
          },
          "sensitive_attributes": [],
          "private": "eyJlMmJmYjczMC1lY2FhLTExZTYtOGY4OC0zNDM2M2JjN2M0YzAiOnsiY3JlYXRlIjoxODAwMDAwMDAwMDAwLCJkZWxldGUiOjE4MDAwMDAwMDAwMDAsInJlYWQiOjMwMDAwMDAwMDAwMCwidXBkYXRlIjoxODAwMDAwMDAwMDAwfSwic2NoZW1hX3ZlcnNpb24iOiIxIn0=",
          "dependencies": [
            "azurerm_application_security_group.ASG-PROD0",
            "azurerm_network_interface.IF-PROD-0",
            "azurerm_public_ip.PUBLIC-PROD-0",
            "azurerm_resource_group.rg",
            "azurerm_subnet.SUBNET-PROD-0",
            "azurerm_virtual_network.VNET-PROD"
          ]
        }
      ]
    },
    {
      "mode": "managed",
      "type": "azurerm_network_interface_application_security_group_association",
      "name": "ASG-PROD1",
      "provider": "provider[\"registry.terraform.io/hashicorp/azurerm\"]",
      "instances": [
        {
          "schema_version": 1,
          "attributes": {
            "application_security_group_id": "/subscriptions/88b45aab-4ebb-412f-bc44-8483d3a0cbac/resourceGroups/NSG-RG/providers/Microsoft.Network/applicationSecurityGroups/ASG-PROD0",
            "id": "/subscriptions/88b45aab-4ebb-412f-bc44-8483d3a0cbac/resourceGroups/NSG-RG/providers/Microsoft.Network/networkInterfaces/IF-PROD-1|/subscriptions/88b45aab-4ebb-412f-bc44-8483d3a0cbac/resourceGroups/NSG-RG/providers/Microsoft.Network/applicationSecurityGroups/ASG-PROD0",
            "network_interface_id": "/subscriptions/88b45aab-4ebb-412f-bc44-8483d3a0cbac/resourceGroups/NSG-RG/providers/Microsoft.Network/networkInterfaces/IF-PROD-1",
            "timeouts": null
          },
          "sensitive_attributes": [],
          "private": "eyJlMmJmYjczMC1lY2FhLTExZTYtOGY4OC0zNDM2M2JjN2M0YzAiOnsiY3JlYXRlIjoxODAwMDAwMDAwMDAwLCJkZWxldGUiOjE4MDAwMDAwMDAwMDAsInJlYWQiOjMwMDAwMDAwMDAwMCwidXBkYXRlIjoxODAwMDAwMDAwMDAwfSwic2NoZW1hX3ZlcnNpb24iOiIxIn0=",
          "dependencies": [
            "azurerm_application_security_group.ASG-PROD0",
            "azurerm_network_interface.IF-PROD-1",
            "azurerm_public_ip.PUBLIC-PROD-1",
            "azurerm_resource_group.rg",
            "azurerm_subnet.SUBNET-PROD-0",
            "azurerm_virtual_network.VNET-PROD"
          ]
        }
      ]
    },
    {
      "mode": "managed",
      "type": "azurerm_network_security_group",
      "name": "NSG0",
      "provider": "provider[\"registry.terraform.io/hashicorp/azurerm\"]",
      "instances": [
        {
          "schema_version": 0,
          "attributes": {
            "id": "/subscriptions/88b45aab-4ebb-412f-bc44-8483d3a0cbac/resourceGroups/NSG-RG/providers/Microsoft.Network/networkSecurityGroups/NSG0",
            "location": "australiacentral",
            "name": "NSG0",
            "resource_group_name": "NSG-RG",
            "security_rule": [
              {
                "access": "Allow",
                "description": "",
                "destination_address_prefix": "10.0.0.0/24",
                "destination_address_prefixes": [],
                "destination_application_security_group_ids": [],
                "destination_port_range": "*",
                "destination_port_ranges": [],
                "direction": "Outbound",
                "name": "PERMIT_LOCAL_ICMP",
                "priority": 500,
                "protocol": "Icmp",
                "source_address_prefix": "10.0.0.4/32",
                "source_address_prefixes": [],
                "source_application_security_group_ids": [],
                "source_port_range": "*",
                "source_port_ranges": []
              },
              {
                "access": "Deny",
                "description": "",
                "destination_address_prefix": "*",
                "destination_address_prefixes": [],
                "destination_application_security_group_ids": [],
                "destination_port_range": "*",
                "destination_port_ranges": [],
                "direction": "Outbound",
                "name": "DENY_ICMP_INET",
                "priority": 3999,
                "protocol": "Icmp",
                "source_address_prefix": "10.0.0.4/32",
                "source_address_prefixes": [],
                "source_application_security_group_ids": [],
                "source_port_range": "*",
                "source_port_ranges": []
              }
            ],
            "tags": {},
            "timeouts": null
          },
          "sensitive_attributes": [],
          "private": "eyJlMmJmYjczMC1lY2FhLTExZTYtOGY4OC0zNDM2M2JjN2M0YzAiOnsiY3JlYXRlIjoxODAwMDAwMDAwMDAwLCJkZWxldGUiOjE4MDAwMDAwMDAwMDAsInJlYWQiOjMwMDAwMDAwMDAwMCwidXBkYXRlIjoxODAwMDAwMDAwMDAwfX0=",
          "dependencies": [
            "azurerm_resource_group.rg"
          ]
        }
      ]
    },
    {
      "mode": "managed",
      "type": "azurerm_network_security_rule",
      "name": "PERMIT_SSH",
      "provider": "provider[\"registry.terraform.io/hashicorp/azurerm\"]",
      "instances": [
        {
          "schema_version": 0,
          "attributes": {
            "access": "Allow",
            "description": "",
            "destination_address_prefix": "",
            "destination_address_prefixes": null,
            "destination_application_security_group_ids": [
              "/subscriptions/88b45aab-4ebb-412f-bc44-8483d3a0cbac/resourceGroups/NSG-RG/providers/Microsoft.Network/applicationSecurityGroups/ASG-PROD0"
            ],
            "destination_port_range": "22",
            "destination_port_ranges": null,
            "direction": "Inbound",
            "id": "/subscriptions/88b45aab-4ebb-412f-bc44-8483d3a0cbac/resourceGroups/NSG-RG/providers/Microsoft.Network/networkSecurityGroups/NSG0/securityRules/PERMIT_SSH",
            "name": "PERMIT_SSH",
            "network_security_group_name": "NSG0",
            "priority": 500,
            "protocol": "Tcp",
            "resource_group_name": "NSG-RG",
            "source_address_prefix": "*",
            "source_address_prefixes": null,
            "source_application_security_group_ids": null,
            "source_port_range": "*",
            "source_port_ranges": null,
            "timeouts": null
          },
          "sensitive_attributes": [],
          "private": "eyJlMmJmYjczMC1lY2FhLTExZTYtOGY4OC0zNDM2M2JjN2M0YzAiOnsiY3JlYXRlIjoxODAwMDAwMDAwMDAwLCJkZWxldGUiOjE4MDAwMDAwMDAwMDAsInJlYWQiOjMwMDAwMDAwMDAwMCwidXBkYXRlIjoxODAwMDAwMDAwMDAwfX0=",
          "dependencies": [
            "azurerm_application_security_group.ASG-PROD0",
            "azurerm_network_security_group.NSG0",
            "azurerm_resource_group.rg"
          ]
        }
      ]
    },
    {
      "mode": "managed",
      "type": "azurerm_public_ip",
      "name": "PUBLIC-PROD-0",
      "provider": "provider[\"registry.terraform.io/hashicorp/azurerm\"]",
      "instances": [
        {
          "schema_version": 0,
          "attributes": {
            "allocation_method": "Dynamic",
            "domain_name_label": null,
            "edge_zone": "",
            "fqdn": null,
            "id": "/subscriptions/88b45aab-4ebb-412f-bc44-8483d3a0cbac/resourceGroups/NSG-RG/providers/Microsoft.Network/publicIPAddresses/PUBLIC-PROD-0",
            "idle_timeout_in_minutes": 4,
            "ip_address": "20.213.237.198",
            "ip_tags": {},
            "ip_version": "IPv4",
            "location": "australiacentral",
            "name": "PUBLIC-PROD-0",
            "public_ip_prefix_id": null,
            "resource_group_name": "NSG-RG",
            "reverse_fqdn": null,
            "sku": "Basic",
            "sku_tier": "Regional",
            "tags": {},
            "timeouts": null,
            "zones": []
          },
          "sensitive_attributes": [],
          "private": "eyJlMmJmYjczMC1lY2FhLTExZTYtOGY4OC0zNDM2M2JjN2M0YzAiOnsiY3JlYXRlIjoxODAwMDAwMDAwMDAwLCJkZWxldGUiOjE4MDAwMDAwMDAwMDAsInJlYWQiOjMwMDAwMDAwMDAwMCwidXBkYXRlIjoxODAwMDAwMDAwMDAwfX0=",
          "dependencies": [
            "azurerm_resource_group.rg"
          ]
        }
      ]
    },
    {
      "mode": "managed",
      "type": "azurerm_public_ip",
      "name": "PUBLIC-PROD-1",
      "provider": "provider[\"registry.terraform.io/hashicorp/azurerm\"]",
      "instances": [
        {
          "schema_version": 0,
          "attributes": {
            "allocation_method": "Dynamic",
            "domain_name_label": null,
            "edge_zone": "",
            "fqdn": null,
            "id": "/subscriptions/88b45aab-4ebb-412f-bc44-8483d3a0cbac/resourceGroups/NSG-RG/providers/Microsoft.Network/publicIPAddresses/PUBLIC-PROD-1",
            "idle_timeout_in_minutes": 4,
            "ip_address": "20.213.237.66",
            "ip_tags": {},
            "ip_version": "IPv4",
            "location": "australiacentral",
            "name": "PUBLIC-PROD-1",
            "public_ip_prefix_id": null,
            "resource_group_name": "NSG-RG",
            "reverse_fqdn": null,
            "sku": "Basic",
            "sku_tier": "Regional",
            "tags": {},
            "timeouts": null,
            "zones": []
          },
          "sensitive_attributes": [],
          "private": "eyJlMmJmYjczMC1lY2FhLTExZTYtOGY4OC0zNDM2M2JjN2M0YzAiOnsiY3JlYXRlIjoxODAwMDAwMDAwMDAwLCJkZWxldGUiOjE4MDAwMDAwMDAwMDAsInJlYWQiOjMwMDAwMDAwMDAwMCwidXBkYXRlIjoxODAwMDAwMDAwMDAwfX0=",
          "dependencies": [
            "azurerm_resource_group.rg"
          ]
        }
      ]
    },
    {
      "mode": "managed",
      "type": "azurerm_resource_group",
      "name": "rg",
      "provider": "provider[\"registry.terraform.io/hashicorp/azurerm\"]",
      "instances": [
        {
          "schema_version": 0,
          "attributes": {
            "id": "/subscriptions/88b45aab-4ebb-412f-bc44-8483d3a0cbac/resourceGroups/NSG-RG",
            "location": "australiacentral",
            "name": "NSG-RG",
            "tags": {
              "BusinessUnit": "Shared",
              "Criticality": "Low",
              "DataClassification": "Non-business",
              "OpsCommitment": "Baseline only",
              "OpsTeam": "NetEng",
              "Project": "VNETS",
              "WorkloadName": "Training"
            },
            "timeouts": null
          },
          "sensitive_attributes": [],
          "private": "eyJlMmJmYjczMC1lY2FhLTExZTYtOGY4OC0zNDM2M2JjN2M0YzAiOnsiY3JlYXRlIjo1NDAwMDAwMDAwMDAwLCJkZWxldGUiOjU0MDAwMDAwMDAwMDAsInJlYWQiOjMwMDAwMDAwMDAwMCwidXBkYXRlIjo1NDAwMDAwMDAwMDAwfX0="
        }
      ]
    },
    {
      "mode": "managed",
      "type": "azurerm_subnet",
      "name": "SUBNET-DEV-0",
      "provider": "provider[\"registry.terraform.io/hashicorp/azurerm\"]",
      "instances": [
        {
          "schema_version": 0,
          "attributes": {
            "address_prefixes": [
              "10.2.0.0/24"
            ],
            "delegation": [],
            "enforce_private_link_endpoint_network_policies": false,
            "enforce_private_link_service_network_policies": false,
            "id": "/subscriptions/88b45aab-4ebb-412f-bc44-8483d3a0cbac/resourceGroups/NSG-RG/providers/Microsoft.Network/virtualNetworks/VNET-DEV/subnets/SUBNET-DEV-0",
            "name": "SUBNET-DEV-0",
            "resource_group_name": "NSG-RG",
            "service_endpoint_policy_ids": [],
            "service_endpoints": [],
            "timeouts": null,
            "virtual_network_name": "VNET-DEV"
          },
          "sensitive_attributes": [],
          "private": "eyJlMmJmYjczMC1lY2FhLTExZTYtOGY4OC0zNDM2M2JjN2M0YzAiOnsiY3JlYXRlIjoxODAwMDAwMDAwMDAwLCJkZWxldGUiOjE4MDAwMDAwMDAwMDAsInJlYWQiOjMwMDAwMDAwMDAwMCwidXBkYXRlIjoxODAwMDAwMDAwMDAwfX0=",
          "dependencies": [
            "azurerm_resource_group.rg",
            "azurerm_virtual_network.VNET-DEV"
          ]
        }
      ]
    },
    {
      "mode": "managed",
      "type": "azurerm_subnet",
      "name": "SUBNET-PROD-0",
      "provider": "provider[\"registry.terraform.io/hashicorp/azurerm\"]",
      "instances": [
        {
          "schema_version": 0,
          "attributes": {
            "address_prefixes": [
              "10.0.0.0/24"
            ],
            "delegation": [],
            "enforce_private_link_endpoint_network_policies": false,
            "enforce_private_link_service_network_policies": false,
            "id": "/subscriptions/88b45aab-4ebb-412f-bc44-8483d3a0cbac/resourceGroups/NSG-RG/providers/Microsoft.Network/virtualNetworks/VNET-PROD/subnets/SUBNET-PROD-0",
            "name": "SUBNET-PROD-0",
            "resource_group_name": "NSG-RG",
            "service_endpoint_policy_ids": [],
            "service_endpoints": [],
            "timeouts": null,
            "virtual_network_name": "VNET-PROD"
          },
          "sensitive_attributes": [],
          "private": "eyJlMmJmYjczMC1lY2FhLTExZTYtOGY4OC0zNDM2M2JjN2M0YzAiOnsiY3JlYXRlIjoxODAwMDAwMDAwMDAwLCJkZWxldGUiOjE4MDAwMDAwMDAwMDAsInJlYWQiOjMwMDAwMDAwMDAwMCwidXBkYXRlIjoxODAwMDAwMDAwMDAwfX0=",
          "dependencies": [
            "azurerm_resource_group.rg",
            "azurerm_virtual_network.VNET-PROD"
          ]
        }
      ]
    },
    {
      "mode": "managed",
      "type": "azurerm_subnet",
      "name": "SUBNET-PROD-1",
      "provider": "provider[\"registry.terraform.io/hashicorp/azurerm\"]",
      "instances": [
        {
          "schema_version": 0,
          "attributes": {
            "address_prefixes": [
              "10.0.1.0/24"
            ],
            "delegation": [],
            "enforce_private_link_endpoint_network_policies": false,
            "enforce_private_link_service_network_policies": false,
            "id": "/subscriptions/88b45aab-4ebb-412f-bc44-8483d3a0cbac/resourceGroups/NSG-RG/providers/Microsoft.Network/virtualNetworks/VNET-PROD/subnets/SUBNET-PROD-1",
            "name": "SUBNET-PROD-1",
            "resource_group_name": "NSG-RG",
            "service_endpoint_policy_ids": [],
            "service_endpoints": [],
            "timeouts": null,
            "virtual_network_name": "VNET-PROD"
          },
          "sensitive_attributes": [],
          "private": "eyJlMmJmYjczMC1lY2FhLTExZTYtOGY4OC0zNDM2M2JjN2M0YzAiOnsiY3JlYXRlIjoxODAwMDAwMDAwMDAwLCJkZWxldGUiOjE4MDAwMDAwMDAwMDAsInJlYWQiOjMwMDAwMDAwMDAwMCwidXBkYXRlIjoxODAwMDAwMDAwMDAwfX0=",
          "dependencies": [
            "azurerm_resource_group.rg",
            "azurerm_virtual_network.VNET-PROD"
          ]
        }
      ]
    },
    {
      "mode": "managed",
      "type": "azurerm_subnet",
      "name": "SUBNET-QA-0",
      "provider": "provider[\"registry.terraform.io/hashicorp/azurerm\"]",
      "instances": [
        {
          "schema_version": 0,
          "attributes": {
            "address_prefixes": [
              "10.1.0.0/24"
            ],
            "delegation": [],
            "enforce_private_link_endpoint_network_policies": false,
            "enforce_private_link_service_network_policies": false,
            "id": "/subscriptions/88b45aab-4ebb-412f-bc44-8483d3a0cbac/resourceGroups/NSG-RG/providers/Microsoft.Network/virtualNetworks/VNET-QA/subnets/SUBNET-QA-0",
            "name": "SUBNET-QA-0",
            "resource_group_name": "NSG-RG",
            "service_endpoint_policy_ids": [],
            "service_endpoints": [],
            "timeouts": null,
            "virtual_network_name": "VNET-QA"
          },
          "sensitive_attributes": [],
          "private": "eyJlMmJmYjczMC1lY2FhLTExZTYtOGY4OC0zNDM2M2JjN2M0YzAiOnsiY3JlYXRlIjoxODAwMDAwMDAwMDAwLCJkZWxldGUiOjE4MDAwMDAwMDAwMDAsInJlYWQiOjMwMDAwMDAwMDAwMCwidXBkYXRlIjoxODAwMDAwMDAwMDAwfX0=",
          "dependencies": [
            "azurerm_resource_group.rg",
            "azurerm_virtual_network.VNET-QA"
          ]
        }
      ]
    },
    {
      "mode": "managed",
      "type": "azurerm_subnet_network_security_group_association",
      "name": "NSG0-PROD0",
      "provider": "provider[\"registry.terraform.io/hashicorp/azurerm\"]",
      "instances": [
        {
          "schema_version": 0,
          "attributes": {
            "id": "/subscriptions/88b45aab-4ebb-412f-bc44-8483d3a0cbac/resourceGroups/NSG-RG/providers/Microsoft.Network/virtualNetworks/VNET-PROD/subnets/SUBNET-PROD-0",
            "network_security_group_id": "/subscriptions/88b45aab-4ebb-412f-bc44-8483d3a0cbac/resourceGroups/NSG-RG/providers/Microsoft.Network/networkSecurityGroups/NSG0",
            "subnet_id": "/subscriptions/88b45aab-4ebb-412f-bc44-8483d3a0cbac/resourceGroups/NSG-RG/providers/Microsoft.Network/virtualNetworks/VNET-PROD/subnets/SUBNET-PROD-0",
            "timeouts": null
          },
          "sensitive_attributes": [],
          "private": "eyJlMmJmYjczMC1lY2FhLTExZTYtOGY4OC0zNDM2M2JjN2M0YzAiOnsiY3JlYXRlIjoxODAwMDAwMDAwMDAwLCJkZWxldGUiOjE4MDAwMDAwMDAwMDAsInJlYWQiOjMwMDAwMDAwMDAwMCwidXBkYXRlIjoxODAwMDAwMDAwMDAwfX0=",
          "dependencies": [
            "azurerm_network_security_group.NSG0",
            "azurerm_resource_group.rg",
            "azurerm_subnet.SUBNET-PROD-0",
            "azurerm_virtual_network.VNET-PROD"
          ]
        }
      ]
    },
    {
      "mode": "managed",
      "type": "azurerm_virtual_network",
      "name": "VNET-DEV",
      "provider": "provider[\"registry.terraform.io/hashicorp/azurerm\"]",
      "instances": [
        {
          "schema_version": 0,
          "attributes": {
            "address_space": [
              "10.2.0.0/16"
            ],
            "bgp_community": "",
            "ddos_protection_plan": [],
            "dns_servers": [],
            "edge_zone": "",
            "flow_timeout_in_minutes": 0,
            "guid": "c3583191-e424-44f0-9802-38e2dd89aa1b",
            "id": "/subscriptions/88b45aab-4ebb-412f-bc44-8483d3a0cbac/resourceGroups/NSG-RG/providers/Microsoft.Network/virtualNetworks/VNET-DEV",
            "location": "australiacentral",
            "name": "VNET-DEV",
            "resource_group_name": "NSG-RG",
            "subnet": [
              {
                "address_prefix": "10.2.0.0/24",
                "id": "/subscriptions/88b45aab-4ebb-412f-bc44-8483d3a0cbac/resourceGroups/NSG-RG/providers/Microsoft.Network/virtualNetworks/VNET-DEV/subnets/SUBNET-DEV-0",
                "name": "SUBNET-DEV-0",
                "security_group": ""
              }
            ],
            "tags": {},
            "timeouts": null
          },
          "sensitive_attributes": [],
          "private": "eyJlMmJmYjczMC1lY2FhLTExZTYtOGY4OC0zNDM2M2JjN2M0YzAiOnsiY3JlYXRlIjoxODAwMDAwMDAwMDAwLCJkZWxldGUiOjE4MDAwMDAwMDAwMDAsInJlYWQiOjMwMDAwMDAwMDAwMCwidXBkYXRlIjoxODAwMDAwMDAwMDAwfX0=",
          "dependencies": [
            "azurerm_resource_group.rg"
          ]
        }
      ]
    },
    {
      "mode": "managed",
      "type": "azurerm_virtual_network",
      "name": "VNET-PROD",
      "provider": "provider[\"registry.terraform.io/hashicorp/azurerm\"]",
      "instances": [
        {
          "schema_version": 0,
          "attributes": {
            "address_space": [
              "10.0.0.0/16"
            ],
            "bgp_community": "",
            "ddos_protection_plan": [],
            "dns_servers": [],
            "edge_zone": "",
            "flow_timeout_in_minutes": 0,
            "guid": "7ec35c97-ca9f-4263-976b-7a538cf6199b",
            "id": "/subscriptions/88b45aab-4ebb-412f-bc44-8483d3a0cbac/resourceGroups/NSG-RG/providers/Microsoft.Network/virtualNetworks/VNET-PROD",
            "location": "australiacentral",
            "name": "VNET-PROD",
            "resource_group_name": "NSG-RG",
            "subnet": [
              {
                "address_prefix": "10.0.0.0/24",
                "id": "/subscriptions/88b45aab-4ebb-412f-bc44-8483d3a0cbac/resourceGroups/NSG-RG/providers/Microsoft.Network/virtualNetworks/VNET-PROD/subnets/SUBNET-PROD-0",
                "name": "SUBNET-PROD-0",
                "security_group": "/subscriptions/88b45aab-4ebb-412f-bc44-8483d3a0cbac/resourceGroups/NSG-RG/providers/Microsoft.Network/networkSecurityGroups/NSG0"
              },
              {
                "address_prefix": "10.0.1.0/24",
                "id": "/subscriptions/88b45aab-4ebb-412f-bc44-8483d3a0cbac/resourceGroups/NSG-RG/providers/Microsoft.Network/virtualNetworks/VNET-PROD/subnets/SUBNET-PROD-1",
                "name": "SUBNET-PROD-1",
                "security_group": ""
              }
            ],
            "tags": {},
            "timeouts": null
          },
          "sensitive_attributes": [],
          "private": "eyJlMmJmYjczMC1lY2FhLTExZTYtOGY4OC0zNDM2M2JjN2M0YzAiOnsiY3JlYXRlIjoxODAwMDAwMDAwMDAwLCJkZWxldGUiOjE4MDAwMDAwMDAwMDAsInJlYWQiOjMwMDAwMDAwMDAwMCwidXBkYXRlIjoxODAwMDAwMDAwMDAwfX0=",
          "dependencies": [
            "azurerm_resource_group.rg"
          ]
        }
      ]
    },
    {
      "mode": "managed",
      "type": "azurerm_virtual_network",
      "name": "VNET-QA",
      "provider": "provider[\"registry.terraform.io/hashicorp/azurerm\"]",
      "instances": [
        {
          "schema_version": 0,
          "attributes": {
            "address_space": [
              "10.1.0.0/16"
            ],
            "bgp_community": "",
            "ddos_protection_plan": [],
            "dns_servers": [],
            "edge_zone": "",
            "flow_timeout_in_minutes": 0,
            "guid": "49f228e9-79a4-4ad9-926c-e6d20cc0aaf6",
            "id": "/subscriptions/88b45aab-4ebb-412f-bc44-8483d3a0cbac/resourceGroups/NSG-RG/providers/Microsoft.Network/virtualNetworks/VNET-QA",
            "location": "australiacentral",
            "name": "VNET-QA",
            "resource_group_name": "NSG-RG",
            "subnet": [
              {
                "address_prefix": "10.1.0.0/24",
                "id": "/subscriptions/88b45aab-4ebb-412f-bc44-8483d3a0cbac/resourceGroups/NSG-RG/providers/Microsoft.Network/virtualNetworks/VNET-QA/subnets/SUBNET-QA-0",
                "name": "SUBNET-QA-0",
                "security_group": ""
              }
            ],
            "tags": {},
            "timeouts": null
          },
          "sensitive_attributes": [],
          "private": "eyJlMmJmYjczMC1lY2FhLTExZTYtOGY4OC0zNDM2M2JjN2M0YzAiOnsiY3JlYXRlIjoxODAwMDAwMDAwMDAwLCJkZWxldGUiOjE4MDAwMDAwMDAwMDAsInJlYWQiOjMwMDAwMDAwMDAwMCwidXBkYXRlIjoxODAwMDAwMDAwMDAwfX0=",
          "dependencies": [
            "azurerm_resource_group.rg"
          ]
        }
      ]
    }
  ]
}
