{
  "version": 4,
  "terraform_version": "1.1.9",
  "serial": 77,
  "lineage": "f9c4aa68-f1f6-2532-b212-f1d206a6e508",
  "outputs": {},
  "resources": [
    {
      "mode": "managed",
      "type": "azurerm_linux_virtual_machine",
      "name": "VM-PROD-0",
      "provider": "provider[\"registry.terraform.io/hashicorp/azurerm\"]",
      "instances": [
        {
          "schema_version": 0,
          "attributes": {
            "additional_capabilities": [],
            "admin_password": null,
            "admin_ssh_key": [
              {
                "public_key": "ssh-rsa AAAAB3NzaC1yc2EAAAADAQABAAACAQDmKVtv84gO0u1ZTevT/p6RbBN2tnFLuQGeu0KE1+wcBtMuHfyjjd3XMxq1EIRX/5NX1GeyCSG9251XelbgspBNFD105VC7v3zTW5cEC7V1a8Aid0ZbREl3A1gth3dj29txM2SCp37dldCxKHH98vJ2Ovk67js2QBNMcrHqjLQ7APz6Cd89eSfsdHjY2iebasHO97joJuvKoAMQ4TjgG22ZjoNW/1LCDQLaLn3f5pzrojv+/V2UZn097dCUIMTIO0VqtvRB7LgqP0ekAhTXYH+S8/Nfo0yHTKzw3gX37n91/YqtF5IplY5K9QtKNnsCSaOq0rwR8p0OwRXH+0qOUJ92Xy3rEVlBOGN4qeMb+fDfQwMPDw/y0PuX4y2jQATFAM/ONoiaracApr4zazfaGE3beJDTTFNpvAbcSh0ksGgWSVvcJ5NhXOEbZXdQeScqunW5C8elwEAznAprtYpnfkJqwLKkQNQ1PEaAOOfpnJru2QVyvrjZCrxK6S7W+19Gv4Pu1deIX+H0xC7fYMHpj8yJvzzNIXpYQqwzfpfFHW8ZhDIV5Wmw1qpeeWiHRUiAjX/gur6P8WwkIDni1HKUnl6iwa26TRzLpbQ0q69oqF8QUXo0Rvlx6DgNm59qxetK+9jzeG4Rfx938S9+5vfsQUzpxhdMn1ooNv47S2pwIlTnTQ== jaconaway1@gmail.com\n",
                "username": "jac"
              }
            ],
            "admin_username": "jac",
            "allow_extension_operations": true,
            "availability_set_id": "",
            "boot_diagnostics": [],
            "computer_name": "VM-PROD-0",
            "custom_data": null,
            "dedicated_host_group_id": "",
            "dedicated_host_id": "",
            "disable_password_authentication": true,
            "edge_zone": "",
            "encryption_at_host_enabled": false,
            "eviction_policy": "",
            "extensions_time_budget": "PT1H30M",
            "id": "/subscriptions/88b45aab-4ebb-412f-bc44-8483d3a0cbac/resourceGroups/VNETS-RG/providers/Microsoft.Compute/virtualMachines/VM-PROD-0",
            "identity": [],
            "license_type": "",
            "location": "australiacentral",
            "max_bid_price": -1,
            "name": "VM-PROD-0",
            "network_interface_ids": [
              "/subscriptions/88b45aab-4ebb-412f-bc44-8483d3a0cbac/resourceGroups/VNETS-RG/providers/Microsoft.Network/networkInterfaces/IF-PROD-0"
            ],
            "os_disk": [
              {
                "caching": "ReadWrite",
                "diff_disk_settings": [],
                "disk_encryption_set_id": "",
                "disk_size_gb": 30,
                "name": "VM-PROD-0_OsDisk_1_597c7501c04f4b6e8b807ede650709ef",
                "storage_account_type": "Standard_LRS",
                "write_accelerator_enabled": false
              }
            ],
            "patch_mode": "ImageDefault",
            "plan": [],
            "platform_fault_domain": -1,
            "priority": "Regular",
            "private_ip_address": "10.0.0.4",
            "private_ip_addresses": [
              "10.0.0.4"
            ],
            "provision_vm_agent": true,
            "proximity_placement_group_id": "",
            "public_ip_address": "20.213.236.79",
            "public_ip_addresses": [
              "20.213.236.79"
            ],
            "resource_group_name": "VNETS-RG",
            "secret": [],
            "secure_boot_enabled": false,
            "size": "Standard_B1s",
            "source_image_id": "",
            "source_image_reference": [
              {
                "offer": "UbuntuServer",
                "publisher": "Canonical",
                "sku": "16.04-LTS",
                "version": "latest"
              }
            ],
            "tags": {},
            "termination_notification": [],
            "timeouts": null,
            "user_data": "",
            "virtual_machine_id": "66a50e18-8911-491b-8693-b8468408b453",
            "virtual_machine_scale_set_id": "",
            "vtpm_enabled": false,
            "zone": ""
          },
          "sensitive_attributes": [],
          "private": "eyJlMmJmYjczMC1lY2FhLTExZTYtOGY4OC0zNDM2M2JjN2M0YzAiOnsiY3JlYXRlIjoyNzAwMDAwMDAwMDAwLCJkZWxldGUiOjI3MDAwMDAwMDAwMDAsInJlYWQiOjMwMDAwMDAwMDAwMCwidXBkYXRlIjoyNzAwMDAwMDAwMDAwfX0=",
          "dependencies": [
            "azurerm_network_interface.IF-PROD-0",
            "azurerm_resource_group.rg"
          ]
        }
      ]
    },
    {
      "mode": "managed",
      "type": "azurerm_linux_virtual_machine",
      "name": "VM-PROD-1",
      "provider": "provider[\"registry.terraform.io/hashicorp/azurerm\"]",
      "instances": [
        {
          "schema_version": 0,
          "attributes": {
            "additional_capabilities": [],
            "admin_password": null,
            "admin_ssh_key": [
              {
                "public_key": "ssh-rsa AAAAB3NzaC1yc2EAAAADAQABAAACAQDmKVtv84gO0u1ZTevT/p6RbBN2tnFLuQGeu0KE1+wcBtMuHfyjjd3XMxq1EIRX/5NX1GeyCSG9251XelbgspBNFD105VC7v3zTW5cEC7V1a8Aid0ZbREl3A1gth3dj29txM2SCp37dldCxKHH98vJ2Ovk67js2QBNMcrHqjLQ7APz6Cd89eSfsdHjY2iebasHO97joJuvKoAMQ4TjgG22ZjoNW/1LCDQLaLn3f5pzrojv+/V2UZn097dCUIMTIO0VqtvRB7LgqP0ekAhTXYH+S8/Nfo0yHTKzw3gX37n91/YqtF5IplY5K9QtKNnsCSaOq0rwR8p0OwRXH+0qOUJ92Xy3rEVlBOGN4qeMb+fDfQwMPDw/y0PuX4y2jQATFAM/ONoiaracApr4zazfaGE3beJDTTFNpvAbcSh0ksGgWSVvcJ5NhXOEbZXdQeScqunW5C8elwEAznAprtYpnfkJqwLKkQNQ1PEaAOOfpnJru2QVyvrjZCrxK6S7W+19Gv4Pu1deIX+H0xC7fYMHpj8yJvzzNIXpYQqwzfpfFHW8ZhDIV5Wmw1qpeeWiHRUiAjX/gur6P8WwkIDni1HKUnl6iwa26TRzLpbQ0q69oqF8QUXo0Rvlx6DgNm59qxetK+9jzeG4Rfx938S9+5vfsQUzpxhdMn1ooNv47S2pwIlTnTQ== jaconaway1@gmail.com\n",
                "username": "jac"
              }
            ],
            "admin_username": "jac",
            "allow_extension_operations": true,
            "availability_set_id": "",
            "boot_diagnostics": [],
            "computer_name": "VM-PROD-1",
            "custom_data": null,
            "dedicated_host_group_id": "",
            "dedicated_host_id": "",
            "disable_password_authentication": true,
            "edge_zone": "",
            "encryption_at_host_enabled": false,
            "eviction_policy": "",
            "extensions_time_budget": "PT1H30M",
            "id": "/subscriptions/88b45aab-4ebb-412f-bc44-8483d3a0cbac/resourceGroups/VNETS-RG/providers/Microsoft.Compute/virtualMachines/VM-PROD-1",
            "identity": [],
            "license_type": "",
            "location": "australiacentral",
            "max_bid_price": -1,
            "name": "VM-PROD-1",
            "network_interface_ids": [
              "/subscriptions/88b45aab-4ebb-412f-bc44-8483d3a0cbac/resourceGroups/VNETS-RG/providers/Microsoft.Network/networkInterfaces/IF-PROD-1"
            ],
            "os_disk": [
              {
                "caching": "ReadWrite",
                "diff_disk_settings": [],
                "disk_encryption_set_id": "",
                "disk_size_gb": 30,
                "name": "VM-PROD-1_OsDisk_1_9a7a7cf9e65448f6b51713ebb22e1dfd",
                "storage_account_type": "Standard_LRS",
                "write_accelerator_enabled": false
              }
            ],
            "patch_mode": "ImageDefault",
            "plan": [],
            "platform_fault_domain": -1,
            "priority": "Regular",
            "private_ip_address": "10.0.0.5",
            "private_ip_addresses": [
              "10.0.0.5"
            ],
            "provision_vm_agent": true,
            "proximity_placement_group_id": "",
            "public_ip_address": "20.213.245.205",
            "public_ip_addresses": [
              "20.213.245.205"
            ],
            "resource_group_name": "VNETS-RG",
            "secret": [],
            "secure_boot_enabled": false,
            "size": "Standard_B1s",
            "source_image_id": "",
            "source_image_reference": [
              {
                "offer": "UbuntuServer",
                "publisher": "Canonical",
                "sku": "16.04-LTS",
                "version": "latest"
              }
            ],
            "tags": null,
            "termination_notification": null,
            "timeouts": null,
            "user_data": "",
            "virtual_machine_id": "ccf845f2-a87c-46ab-abcc-234618ecc281",
            "virtual_machine_scale_set_id": "",
            "vtpm_enabled": false,
            "zone": ""
          },
          "sensitive_attributes": [],
          "private": "eyJlMmJmYjczMC1lY2FhLTExZTYtOGY4OC0zNDM2M2JjN2M0YzAiOnsiY3JlYXRlIjoyNzAwMDAwMDAwMDAwLCJkZWxldGUiOjI3MDAwMDAwMDAwMDAsInJlYWQiOjMwMDAwMDAwMDAwMCwidXBkYXRlIjoyNzAwMDAwMDAwMDAwfX0=",
          "dependencies": [
            "azurerm_network_interface.IF-PROD-1",
            "azurerm_resource_group.rg"
          ]
        }
      ]
    },
    {
      "mode": "managed",
      "type": "azurerm_network_interface",
      "name": "IF-PROD-0",
      "provider": "provider[\"registry.terraform.io/hashicorp/azurerm\"]",
      "instances": [
        {
          "schema_version": 0,
          "attributes": {
            "applied_dns_servers": [],
            "dns_servers": [],
            "edge_zone": "",
            "enable_accelerated_networking": false,
            "enable_ip_forwarding": false,
            "id": "/subscriptions/88b45aab-4ebb-412f-bc44-8483d3a0cbac/resourceGroups/VNETS-RG/providers/Microsoft.Network/networkInterfaces/IF-PROD-0",
            "internal_dns_name_label": "",
            "internal_domain_name_suffix": "yadnisthqjtutnx5l0eje5j0ke.cbrx.internal.cloudapp.net",
            "ip_configuration": [
              {
                "gateway_load_balancer_frontend_ip_configuration_id": "",
                "name": "IP-PROD-0",
                "primary": true,
                "private_ip_address": "10.0.0.4",
                "private_ip_address_allocation": "Dynamic",
                "private_ip_address_version": "IPv4",
                "public_ip_address_id": "/subscriptions/88b45aab-4ebb-412f-bc44-8483d3a0cbac/resourceGroups/VNETS-RG/providers/Microsoft.Network/publicIPAddresses/PUBLIC-PROD-0",
                "subnet_id": "/subscriptions/88b45aab-4ebb-412f-bc44-8483d3a0cbac/resourceGroups/VNETS-RG/providers/Microsoft.Network/virtualNetworks/VNET-PROD/subnets/SUBNET-PROD-0"
              }
            ],
            "location": "australiacentral",
            "mac_address": "00-0D-3A-88-45-FB",
            "name": "IF-PROD-0",
            "private_ip_address": "10.0.0.4",
            "private_ip_addresses": [
              "10.0.0.4"
            ],
            "resource_group_name": "VNETS-RG",
            "tags": {},
            "timeouts": null,
            "virtual_machine_id": "/subscriptions/88b45aab-4ebb-412f-bc44-8483d3a0cbac/resourceGroups/VNETS-RG/providers/Microsoft.Compute/virtualMachines/VM-PROD-0"
          },
          "sensitive_attributes": [],
          "private": "eyJlMmJmYjczMC1lY2FhLTExZTYtOGY4OC0zNDM2M2JjN2M0YzAiOnsiY3JlYXRlIjoxODAwMDAwMDAwMDAwLCJkZWxldGUiOjE4MDAwMDAwMDAwMDAsInJlYWQiOjMwMDAwMDAwMDAwMCwidXBkYXRlIjoxODAwMDAwMDAwMDAwfX0=",
          "dependencies": [
            "azurerm_public_ip.PUBLIC-PROD-0",
            "azurerm_resource_group.rg",
            "azurerm_subnet.SUBNET-PROD-0",
            "azurerm_virtual_network.VNET-PROD"
          ]
        }
      ]
    },
    {
      "mode": "managed",
      "type": "azurerm_network_interface",
      "name": "IF-PROD-1",
      "provider": "provider[\"registry.terraform.io/hashicorp/azurerm\"]",
      "instances": [
        {
          "schema_version": 0,
          "attributes": {
            "applied_dns_servers": [],
            "dns_servers": [],
            "edge_zone": "",
            "enable_accelerated_networking": false,
            "enable_ip_forwarding": false,
            "id": "/subscriptions/88b45aab-4ebb-412f-bc44-8483d3a0cbac/resourceGroups/VNETS-RG/providers/Microsoft.Network/networkInterfaces/IF-PROD-1",
            "internal_dns_name_label": "",
            "internal_domain_name_suffix": "yadnisthqjtutnx5l0eje5j0ke.cbrx.internal.cloudapp.net",
            "ip_configuration": [
              {
                "gateway_load_balancer_frontend_ip_configuration_id": "",
                "name": "IP-PROD-1",
                "primary": true,
                "private_ip_address": "10.0.0.5",
                "private_ip_address_allocation": "Dynamic",
                "private_ip_address_version": "IPv4",
                "public_ip_address_id": "/subscriptions/88b45aab-4ebb-412f-bc44-8483d3a0cbac/resourceGroups/VNETS-RG/providers/Microsoft.Network/publicIPAddresses/PUBLIC-PROD-1",
                "subnet_id": "/subscriptions/88b45aab-4ebb-412f-bc44-8483d3a0cbac/resourceGroups/VNETS-RG/providers/Microsoft.Network/virtualNetworks/VNET-PROD/subnets/SUBNET-PROD-0"
              }
            ],
            "location": "australiacentral",
            "mac_address": "",
            "name": "IF-PROD-1",
            "private_ip_address": "10.0.0.5",
            "private_ip_addresses": [
              "10.0.0.5"
            ],
            "resource_group_name": "VNETS-RG",
            "tags": {},
            "timeouts": null,
            "virtual_machine_id": ""
          },
          "sensitive_attributes": [],
          "private": "eyJlMmJmYjczMC1lY2FhLTExZTYtOGY4OC0zNDM2M2JjN2M0YzAiOnsiY3JlYXRlIjoxODAwMDAwMDAwMDAwLCJkZWxldGUiOjE4MDAwMDAwMDAwMDAsInJlYWQiOjMwMDAwMDAwMDAwMCwidXBkYXRlIjoxODAwMDAwMDAwMDAwfX0=",
          "dependencies": [
            "azurerm_public_ip.PUBLIC-PROD-1",
            "azurerm_resource_group.rg",
            "azurerm_subnet.SUBNET-PROD-0",
            "azurerm_virtual_network.VNET-PROD"
          ]
        }
      ]
    },
    {
      "mode": "managed",
      "type": "azurerm_public_ip",
      "name": "PUBLIC-PROD-0",
      "provider": "provider[\"registry.terraform.io/hashicorp/azurerm\"]",
      "instances": [
        {
          "schema_version": 0,
          "attributes": {
            "allocation_method": "Dynamic",
            "domain_name_label": null,
            "edge_zone": "",
            "fqdn": null,
            "id": "/subscriptions/88b45aab-4ebb-412f-bc44-8483d3a0cbac/resourceGroups/VNETS-RG/providers/Microsoft.Network/publicIPAddresses/PUBLIC-PROD-0",
            "idle_timeout_in_minutes": 4,
            "ip_address": "20.213.236.79",
            "ip_tags": {},
            "ip_version": "IPv4",
            "location": "australiacentral",
            "name": "PUBLIC-PROD-0",
            "public_ip_prefix_id": null,
            "resource_group_name": "VNETS-RG",
            "reverse_fqdn": null,
            "sku": "Basic",
            "sku_tier": "Regional",
            "tags": {},
            "timeouts": null,
            "zones": []
          },
          "sensitive_attributes": [],
          "private": "eyJlMmJmYjczMC1lY2FhLTExZTYtOGY4OC0zNDM2M2JjN2M0YzAiOnsiY3JlYXRlIjoxODAwMDAwMDAwMDAwLCJkZWxldGUiOjE4MDAwMDAwMDAwMDAsInJlYWQiOjMwMDAwMDAwMDAwMCwidXBkYXRlIjoxODAwMDAwMDAwMDAwfX0=",
          "dependencies": [
            "azurerm_resource_group.rg"
          ]
        }
      ]
    },
    {
      "mode": "managed",
      "type": "azurerm_public_ip",
      "name": "PUBLIC-PROD-1",
      "provider": "provider[\"registry.terraform.io/hashicorp/azurerm\"]",
      "instances": [
        {
          "schema_version": 0,
          "attributes": {
            "allocation_method": "Dynamic",
            "domain_name_label": null,
            "edge_zone": "",
            "fqdn": null,
            "id": "/subscriptions/88b45aab-4ebb-412f-bc44-8483d3a0cbac/resourceGroups/VNETS-RG/providers/Microsoft.Network/publicIPAddresses/PUBLIC-PROD-1",
            "idle_timeout_in_minutes": 4,
            "ip_address": "",
            "ip_tags": {},
            "ip_version": "IPv4",
            "location": "australiacentral",
            "name": "PUBLIC-PROD-1",
            "public_ip_prefix_id": null,
            "resource_group_name": "VNETS-RG",
            "reverse_fqdn": null,
            "sku": "Basic",
            "sku_tier": "Regional",
            "tags": {},
            "timeouts": null,
            "zones": []
          },
          "sensitive_attributes": [],
          "private": "eyJlMmJmYjczMC1lY2FhLTExZTYtOGY4OC0zNDM2M2JjN2M0YzAiOnsiY3JlYXRlIjoxODAwMDAwMDAwMDAwLCJkZWxldGUiOjE4MDAwMDAwMDAwMDAsInJlYWQiOjMwMDAwMDAwMDAwMCwidXBkYXRlIjoxODAwMDAwMDAwMDAwfX0=",
          "dependencies": [
            "azurerm_resource_group.rg"
          ]
        }
      ]
    },
    {
      "mode": "managed",
      "type": "azurerm_resource_group",
      "name": "rg",
      "provider": "provider[\"registry.terraform.io/hashicorp/azurerm\"]",
      "instances": [
        {
          "schema_version": 0,
          "attributes": {
            "id": "/subscriptions/88b45aab-4ebb-412f-bc44-8483d3a0cbac/resourceGroups/VNETS-RG",
            "location": "australiacentral",
            "name": "VNETS-RG",
            "tags": {
              "BusinessUnit": "Shared",
              "Criticality": "Low",
              "DataClassification": "Non-business",
              "OpsCommitment": "Baseline only",
              "OpsTeam": "NetEng",
              "Project": "VNETS",
              "WorkloadName": "Training"
            },
            "timeouts": null
          },
          "sensitive_attributes": [],
          "private": "eyJlMmJmYjczMC1lY2FhLTExZTYtOGY4OC0zNDM2M2JjN2M0YzAiOnsiY3JlYXRlIjo1NDAwMDAwMDAwMDAwLCJkZWxldGUiOjU0MDAwMDAwMDAwMDAsInJlYWQiOjMwMDAwMDAwMDAwMCwidXBkYXRlIjo1NDAwMDAwMDAwMDAwfX0="
        }
      ]
    },
    {
      "mode": "managed",
      "type": "azurerm_subnet",
      "name": "SUBNET-DEV-0",
      "provider": "provider[\"registry.terraform.io/hashicorp/azurerm\"]",
      "instances": [
        {
          "schema_version": 0,
          "attributes": {
            "address_prefixes": [
              "10.2.0.0/24"
            ],
            "delegation": [],
            "enforce_private_link_endpoint_network_policies": false,
            "enforce_private_link_service_network_policies": false,
            "id": "/subscriptions/88b45aab-4ebb-412f-bc44-8483d3a0cbac/resourceGroups/VNETS-RG/providers/Microsoft.Network/virtualNetworks/VNET-DEV/subnets/SUBNET-DEV-0",
            "name": "SUBNET-DEV-0",
            "resource_group_name": "VNETS-RG",
            "service_endpoint_policy_ids": [],
            "service_endpoints": [],
            "timeouts": null,
            "virtual_network_name": "VNET-DEV"
          },
          "sensitive_attributes": [],
          "private": "eyJlMmJmYjczMC1lY2FhLTExZTYtOGY4OC0zNDM2M2JjN2M0YzAiOnsiY3JlYXRlIjoxODAwMDAwMDAwMDAwLCJkZWxldGUiOjE4MDAwMDAwMDAwMDAsInJlYWQiOjMwMDAwMDAwMDAwMCwidXBkYXRlIjoxODAwMDAwMDAwMDAwfX0=",
          "dependencies": [
            "azurerm_resource_group.rg",
            "azurerm_virtual_network.VNET-DEV"
          ]
        }
      ]
    },
    {
      "mode": "managed",
      "type": "azurerm_subnet",
      "name": "SUBNET-PROD-0",
      "provider": "provider[\"registry.terraform.io/hashicorp/azurerm\"]",
      "instances": [
        {
          "schema_version": 0,
          "attributes": {
            "address_prefixes": [
              "10.0.0.0/24"
            ],
            "delegation": [],
            "enforce_private_link_endpoint_network_policies": false,
            "enforce_private_link_service_network_policies": false,
            "id": "/subscriptions/88b45aab-4ebb-412f-bc44-8483d3a0cbac/resourceGroups/VNETS-RG/providers/Microsoft.Network/virtualNetworks/VNET-PROD/subnets/SUBNET-PROD-0",
            "name": "SUBNET-PROD-0",
            "resource_group_name": "VNETS-RG",
            "service_endpoint_policy_ids": [],
            "service_endpoints": [],
            "timeouts": null,
            "virtual_network_name": "VNET-PROD"
          },
          "sensitive_attributes": [],
          "private": "eyJlMmJmYjczMC1lY2FhLTExZTYtOGY4OC0zNDM2M2JjN2M0YzAiOnsiY3JlYXRlIjoxODAwMDAwMDAwMDAwLCJkZWxldGUiOjE4MDAwMDAwMDAwMDAsInJlYWQiOjMwMDAwMDAwMDAwMCwidXBkYXRlIjoxODAwMDAwMDAwMDAwfX0=",
          "dependencies": [
            "azurerm_resource_group.rg",
            "azurerm_virtual_network.VNET-PROD"
          ]
        }
      ]
    },
    {
      "mode": "managed",
      "type": "azurerm_subnet",
      "name": "SUBNET-PROD-1",
      "provider": "provider[\"registry.terraform.io/hashicorp/azurerm\"]",
      "instances": [
        {
          "schema_version": 0,
          "attributes": {
            "address_prefixes": [
              "10.0.1.0/24"
            ],
            "delegation": [],
            "enforce_private_link_endpoint_network_policies": false,
            "enforce_private_link_service_network_policies": false,
            "id": "/subscriptions/88b45aab-4ebb-412f-bc44-8483d3a0cbac/resourceGroups/VNETS-RG/providers/Microsoft.Network/virtualNetworks/VNET-PROD/subnets/SUBNET-PROD-1",
            "name": "SUBNET-PROD-1",
            "resource_group_name": "VNETS-RG",
            "service_endpoint_policy_ids": [],
            "service_endpoints": [],
            "timeouts": null,
            "virtual_network_name": "VNET-PROD"
          },
          "sensitive_attributes": [],
          "private": "eyJlMmJmYjczMC1lY2FhLTExZTYtOGY4OC0zNDM2M2JjN2M0YzAiOnsiY3JlYXRlIjoxODAwMDAwMDAwMDAwLCJkZWxldGUiOjE4MDAwMDAwMDAwMDAsInJlYWQiOjMwMDAwMDAwMDAwMCwidXBkYXRlIjoxODAwMDAwMDAwMDAwfX0=",
          "dependencies": [
            "azurerm_resource_group.rg",
            "azurerm_virtual_network.VNET-PROD"
          ]
        }
      ]
    },
    {
      "mode": "managed",
      "type": "azurerm_subnet",
      "name": "SUBNET-QA-0",
      "provider": "provider[\"registry.terraform.io/hashicorp/azurerm\"]",
      "instances": [
        {
          "schema_version": 0,
          "attributes": {
            "address_prefixes": [
              "10.1.0.0/24"
            ],
            "delegation": [],
            "enforce_private_link_endpoint_network_policies": false,
            "enforce_private_link_service_network_policies": false,
            "id": "/subscriptions/88b45aab-4ebb-412f-bc44-8483d3a0cbac/resourceGroups/VNETS-RG/providers/Microsoft.Network/virtualNetworks/VNET-QA/subnets/SUBNET-QA-0",
            "name": "SUBNET-QA-0",
            "resource_group_name": "VNETS-RG",
            "service_endpoint_policy_ids": [],
            "service_endpoints": [],
            "timeouts": null,
            "virtual_network_name": "VNET-QA"
          },
          "sensitive_attributes": [],
          "private": "eyJlMmJmYjczMC1lY2FhLTExZTYtOGY4OC0zNDM2M2JjN2M0YzAiOnsiY3JlYXRlIjoxODAwMDAwMDAwMDAwLCJkZWxldGUiOjE4MDAwMDAwMDAwMDAsInJlYWQiOjMwMDAwMDAwMDAwMCwidXBkYXRlIjoxODAwMDAwMDAwMDAwfX0=",
          "dependencies": [
            "azurerm_resource_group.rg",
            "azurerm_virtual_network.VNET-QA"
          ]
        }
      ]
    },
    {
      "mode": "managed",
      "type": "azurerm_virtual_network",
      "name": "VNET-DEV",
      "provider": "provider[\"registry.terraform.io/hashicorp/azurerm\"]",
      "instances": [
        {
          "schema_version": 0,
          "attributes": {
            "address_space": [
              "10.2.0.0/16"
            ],
            "bgp_community": "",
            "ddos_protection_plan": [],
            "dns_servers": [],
            "edge_zone": "",
            "flow_timeout_in_minutes": 0,
            "guid": "696d0147-c114-454a-8fa4-5d79c0d7e78c",
            "id": "/subscriptions/88b45aab-4ebb-412f-bc44-8483d3a0cbac/resourceGroups/VNETS-RG/providers/Microsoft.Network/virtualNetworks/VNET-DEV",
            "location": "australiacentral",
            "name": "VNET-DEV",
            "resource_group_name": "VNETS-RG",
            "subnet": [
              {
                "address_prefix": "10.2.0.0/24",
                "id": "/subscriptions/88b45aab-4ebb-412f-bc44-8483d3a0cbac/resourceGroups/VNETS-RG/providers/Microsoft.Network/virtualNetworks/VNET-DEV/subnets/SUBNET-DEV-0",
                "name": "SUBNET-DEV-0",
                "security_group": ""
              }
            ],
            "tags": {},
            "timeouts": null
          },
          "sensitive_attributes": [],
          "private": "eyJlMmJmYjczMC1lY2FhLTExZTYtOGY4OC0zNDM2M2JjN2M0YzAiOnsiY3JlYXRlIjoxODAwMDAwMDAwMDAwLCJkZWxldGUiOjE4MDAwMDAwMDAwMDAsInJlYWQiOjMwMDAwMDAwMDAwMCwidXBkYXRlIjoxODAwMDAwMDAwMDAwfX0=",
          "dependencies": [
            "azurerm_resource_group.rg"
          ]
        }
      ]
    },
    {
      "mode": "managed",
      "type": "azurerm_virtual_network",
      "name": "VNET-PROD",
      "provider": "provider[\"registry.terraform.io/hashicorp/azurerm\"]",
      "instances": [
        {
          "schema_version": 0,
          "attributes": {
            "address_space": [
              "10.0.0.0/16"
            ],
            "bgp_community": "",
            "ddos_protection_plan": [],
            "dns_servers": [],
            "edge_zone": "",
            "flow_timeout_in_minutes": 0,
            "guid": "4ad406c0-8267-4967-b6ff-5e88927d3a54",
            "id": "/subscriptions/88b45aab-4ebb-412f-bc44-8483d3a0cbac/resourceGroups/VNETS-RG/providers/Microsoft.Network/virtualNetworks/VNET-PROD",
            "location": "australiacentral",
            "name": "VNET-PROD",
            "resource_group_name": "VNETS-RG",
            "subnet": [
              {
                "address_prefix": "10.0.0.0/24",
                "id": "/subscriptions/88b45aab-4ebb-412f-bc44-8483d3a0cbac/resourceGroups/VNETS-RG/providers/Microsoft.Network/virtualNetworks/VNET-PROD/subnets/SUBNET-PROD-0",
                "name": "SUBNET-PROD-0",
                "security_group": ""
              },
              {
                "address_prefix": "10.0.1.0/24",
                "id": "/subscriptions/88b45aab-4ebb-412f-bc44-8483d3a0cbac/resourceGroups/VNETS-RG/providers/Microsoft.Network/virtualNetworks/VNET-PROD/subnets/SUBNET-PROD-1",
                "name": "SUBNET-PROD-1",
                "security_group": ""
              }
            ],
            "tags": {},
            "timeouts": null
          },
          "sensitive_attributes": [],
          "private": "eyJlMmJmYjczMC1lY2FhLTExZTYtOGY4OC0zNDM2M2JjN2M0YzAiOnsiY3JlYXRlIjoxODAwMDAwMDAwMDAwLCJkZWxldGUiOjE4MDAwMDAwMDAwMDAsInJlYWQiOjMwMDAwMDAwMDAwMCwidXBkYXRlIjoxODAwMDAwMDAwMDAwfX0=",
          "dependencies": [
            "azurerm_resource_group.rg"
          ]
        }
      ]
    },
    {
      "mode": "managed",
      "type": "azurerm_virtual_network",
      "name": "VNET-QA",
      "provider": "provider[\"registry.terraform.io/hashicorp/azurerm\"]",
      "instances": [
        {
          "schema_version": 0,
          "attributes": {
            "address_space": [
              "10.1.0.0/16"
            ],
            "bgp_community": "",
            "ddos_protection_plan": [],
            "dns_servers": [],
            "edge_zone": "",
            "flow_timeout_in_minutes": 0,
            "guid": "ad155a01-64ca-4e48-aed1-f756855a4f58",
            "id": "/subscriptions/88b45aab-4ebb-412f-bc44-8483d3a0cbac/resourceGroups/VNETS-RG/providers/Microsoft.Network/virtualNetworks/VNET-QA",
            "location": "australiacentral",
            "name": "VNET-QA",
            "resource_group_name": "VNETS-RG",
            "subnet": [
              {
                "address_prefix": "10.1.0.0/24",
                "id": "/subscriptions/88b45aab-4ebb-412f-bc44-8483d3a0cbac/resourceGroups/VNETS-RG/providers/Microsoft.Network/virtualNetworks/VNET-QA/subnets/SUBNET-QA-0",
                "name": "SUBNET-QA-0",
                "security_group": ""
              }
            ],
            "tags": {},
            "timeouts": null
          },
          "sensitive_attributes": [],
          "private": "eyJlMmJmYjczMC1lY2FhLTExZTYtOGY4OC0zNDM2M2JjN2M0YzAiOnsiY3JlYXRlIjoxODAwMDAwMDAwMDAwLCJkZWxldGUiOjE4MDAwMDAwMDAwMDAsInJlYWQiOjMwMDAwMDAwMDAwMCwidXBkYXRlIjoxODAwMDAwMDAwMDAwfX0=",
          "dependencies": [
            "azurerm_resource_group.rg"
          ]
        }
      ]
    }
  ]
}
